// !$*UTF8*$!
{
	archiveVersion = 1;
	classes = {
	};
	objectVersion = 54;
	objects = {

/* Begin PBXBuildFile section */
		1646B686260960E20072557E /* LoginView.swift in Sources */ = {isa = PBXBuildFile; fileRef = 1646B685260960E20072557E /* LoginView.swift */; };
		1646B690260961570072557E /* home.swift in Sources */ = {isa = PBXBuildFile; fileRef = 6BCC3F8A25DB008E007D474B /* home.swift */; };
		6B33D7FB25D497B700FE6D42 /* Info.swift in Sources */ = {isa = PBXBuildFile; fileRef = 6B33D7FA25D497B700FE6D42 /* Info.swift */; };
		6B33D7FC25D497B700FE6D42 /* Info.swift in Sources */ = {isa = PBXBuildFile; fileRef = 6B33D7FA25D497B700FE6D42 /* Info.swift */; };
		6B33D80225D4A64900FE6D42 /* Servicios.swift in Sources */ = {isa = PBXBuildFile; fileRef = 6B33D80125D4A64900FE6D42 /* Servicios.swift */; };
		6B33D80325D4A64900FE6D42 /* Servicios.swift in Sources */ = {isa = PBXBuildFile; fileRef = 6B33D80125D4A64900FE6D42 /* Servicios.swift */; };
		6B33D80E25D4BAC800FE6D42 /* Contribuye.swift in Sources */ = {isa = PBXBuildFile; fileRef = 6B33D80D25D4BAC800FE6D42 /* Contribuye.swift */; };
		6B33D80F25D4BAC800FE6D42 /* Contribuye.swift in Sources */ = {isa = PBXBuildFile; fileRef = 6B33D80D25D4BAC800FE6D42 /* Contribuye.swift */; };
		6B33D81325D4C1EA00FE6D42 /* Redsol.swift in Sources */ = {isa = PBXBuildFile; fileRef = 6B33D81225D4C1E900FE6D42 /* Redsol.swift */; };
		6B33D81425D4C1EA00FE6D42 /* Redsol.swift in Sources */ = {isa = PBXBuildFile; fileRef = 6B33D81225D4C1E900FE6D42 /* Redsol.swift */; };
		6B33D81C25D7373D00FE6D42 /* Map1.swift in Sources */ = {isa = PBXBuildFile; fileRef = 6B33D81B25D7373D00FE6D42 /* Map1.swift */; };
		6B33D81D25D7373D00FE6D42 /* Map1.swift in Sources */ = {isa = PBXBuildFile; fileRef = 6B33D81B25D7373D00FE6D42 /* Map1.swift */; };
		6B3F016F25C91D1500176504 /* CarlosApp.swift in Sources */ = {isa = PBXBuildFile; fileRef = 6B3F015C25C91D1300176504 /* CarlosApp.swift */; };
		6B3F017025C91D1500176504 /* CarlosApp.swift in Sources */ = {isa = PBXBuildFile; fileRef = 6B3F015C25C91D1300176504 /* CarlosApp.swift */; };
		6B3F017125C91D1500176504 /* ContentView.swift in Sources */ = {isa = PBXBuildFile; fileRef = 6B3F015D25C91D1300176504 /* ContentView.swift */; };
		6B3F017225C91D1500176504 /* ContentView.swift in Sources */ = {isa = PBXBuildFile; fileRef = 6B3F015D25C91D1300176504 /* ContentView.swift */; };
		6B3F017325C91D1500176504 /* Assets.xcassets in Resources */ = {isa = PBXBuildFile; fileRef = 6B3F015E25C91D1500176504 /* Assets.xcassets */; };
		6B3F017425C91D1500176504 /* Assets.xcassets in Resources */ = {isa = PBXBuildFile; fileRef = 6B3F015E25C91D1500176504 /* Assets.xcassets */; };
		6B3F018025C91D2900176504 /* Data.swift in Sources */ = {isa = PBXBuildFile; fileRef = 6B3F017F25C91D2900176504 /* Data.swift */; };
		6B3F018125C91D2900176504 /* Data.swift in Sources */ = {isa = PBXBuildFile; fileRef = 6B3F017F25C91D2900176504 /* Data.swift */; };
		6BCC3F8B25DB008E007D474B /* home.swift in Sources */ = {isa = PBXBuildFile; fileRef = 6BCC3F8A25DB008E007D474B /* home.swift */; };
		6BED80BB25CE15D000411B96 /* TabView2.swift in Sources */ = {isa = PBXBuildFile; fileRef = 6BED80BA25CE15D000411B96 /* TabView2.swift */; };
		6BED80BC25CE15D000411B96 /* TabView2.swift in Sources */ = {isa = PBXBuildFile; fileRef = 6BED80BA25CE15D000411B96 /* TabView2.swift */; };
		6BED80C225CE7DE000411B96 /* card1.swift in Sources */ = {isa = PBXBuildFile; fileRef = 6BED80C125CE7DE000411B96 /* card1.swift */; };
		6BED80C325CE7DE000411B96 /* card1.swift in Sources */ = {isa = PBXBuildFile; fileRef = 6BED80C125CE7DE000411B96 /* card1.swift */; };
		6BED80C825D1D03100411B96 /* json pull.swift in Sources */ = {isa = PBXBuildFile; fileRef = 6BED80C725D1D03100411B96 /* json pull.swift */; };
		6BED80C925D1D03100411B96 /* json pull.swift in Sources */ = {isa = PBXBuildFile; fileRef = 6BED80C725D1D03100411B96 /* json pull.swift */; };
		6BED80CD25D218D900411B96 /* data2.swift in Sources */ = {isa = PBXBuildFile; fileRef = 6BED80CC25D218D900411B96 /* data2.swift */; };
		6BED80CE25D218DA00411B96 /* data2.swift in Sources */ = {isa = PBXBuildFile; fileRef = 6BED80CC25D218D900411B96 /* data2.swift */; };
		6BED80D225D21BFC00411B96 /* data3.swift in Sources */ = {isa = PBXBuildFile; fileRef = 6BED80D125D21BFC00411B96 /* data3.swift */; };
		6BED80D325D21BFC00411B96 /* data3.swift in Sources */ = {isa = PBXBuildFile; fileRef = 6BED80D125D21BFC00411B96 /* data3.swift */; };
		6BED80D725D2213A00411B96 /* paghome.swift in Sources */ = {isa = PBXBuildFile; fileRef = 6BED80D625D2213A00411B96 /* paghome.swift */; };
		6BED80D825D2213A00411B96 /* paghome.swift in Sources */ = {isa = PBXBuildFile; fileRef = 6BED80D625D2213A00411B96 /* paghome.swift */; };
		6BED80DC25D24CB200411B96 /* pagehomecopy.swift in Sources */ = {isa = PBXBuildFile; fileRef = 6BED80DB25D24CB200411B96 /* pagehomecopy.swift */; };
		6BED80DD25D24CB200411B96 /* pagehomecopy.swift in Sources */ = {isa = PBXBuildFile; fileRef = 6BED80DB25D24CB200411B96 /* pagehomecopy.swift */; };
		6BED80E125D251C500411B96 /* Organizationdetails.swift in Sources */ = {isa = PBXBuildFile; fileRef = 6BED80E025D251C400411B96 /* Organizationdetails.swift */; };
		6BED80E225D251C500411B96 /* Organizationdetails.swift in Sources */ = {isa = PBXBuildFile; fileRef = 6BED80E025D251C400411B96 /* Organizationdetails.swift */; };
		6BED80E625D254BD00411B96 /* data4.swift in Sources */ = {isa = PBXBuildFile; fileRef = 6BED80E525D254BD00411B96 /* data4.swift */; };
		6BED80E725D254BD00411B96 /* data4.swift in Sources */ = {isa = PBXBuildFile; fileRef = 6BED80E525D254BD00411B96 /* data4.swift */; };
/* End PBXBuildFile section */

/* Begin PBXFileReference section */
		1646B685260960E20072557E /* LoginView.swift */ = {isa = PBXFileReference; lastKnownFileType = sourcecode.swift; path = LoginView.swift; sourceTree = "<group>"; };
		6B33D7FA25D497B700FE6D42 /* Info.swift */ = {isa = PBXFileReference; lastKnownFileType = sourcecode.swift; path = Info.swift; sourceTree = "<group>"; };
		6B33D80125D4A64900FE6D42 /* Servicios.swift */ = {isa = PBXFileReference; lastKnownFileType = sourcecode.swift; path = Servicios.swift; sourceTree = "<group>"; };
		6B33D80D25D4BAC800FE6D42 /* Contribuye.swift */ = {isa = PBXFileReference; lastKnownFileType = sourcecode.swift; path = Contribuye.swift; sourceTree = "<group>"; };
		6B33D81225D4C1E900FE6D42 /* Redsol.swift */ = {isa = PBXFileReference; lastKnownFileType = sourcecode.swift; path = Redsol.swift; sourceTree = "<group>"; };
		6B33D81B25D7373D00FE6D42 /* Map1.swift */ = {isa = PBXFileReference; lastKnownFileType = sourcecode.swift; path = Map1.swift; sourceTree = "<group>"; };
		6B3F015C25C91D1300176504 /* CarlosApp.swift */ = {isa = PBXFileReference; lastKnownFileType = sourcecode.swift; path = CarlosApp.swift; sourceTree = "<group>"; };
		6B3F015D25C91D1300176504 /* ContentView.swift */ = {isa = PBXFileReference; lastKnownFileType = sourcecode.swift; path = ContentView.swift; sourceTree = "<group>"; };
		6B3F015E25C91D1500176504 /* Assets.xcassets */ = {isa = PBXFileReference; lastKnownFileType = folder.assetcatalog; path = Assets.xcassets; sourceTree = "<group>"; };
		6B3F016325C91D1500176504 /* Carlos.app */ = {isa = PBXFileReference; explicitFileType = wrapper.application; includeInIndex = 0; path = Carlos.app; sourceTree = BUILT_PRODUCTS_DIR; };
		6B3F016625C91D1500176504 /* Info.plist */ = {isa = PBXFileReference; lastKnownFileType = text.plist.xml; path = Info.plist; sourceTree = "<group>"; };
		6B3F016B25C91D1500176504 /* Carlos.app */ = {isa = PBXFileReference; explicitFileType = wrapper.application; includeInIndex = 0; path = Carlos.app; sourceTree = BUILT_PRODUCTS_DIR; };
		6B3F016D25C91D1500176504 /* Info.plist */ = {isa = PBXFileReference; lastKnownFileType = text.plist.xml; path = Info.plist; sourceTree = "<group>"; };
		6B3F016E25C91D1500176504 /* macOS.entitlements */ = {isa = PBXFileReference; lastKnownFileType = text.plist.entitlements; path = macOS.entitlements; sourceTree = "<group>"; };
		6B3F017F25C91D2900176504 /* Data.swift */ = {isa = PBXFileReference; lastKnownFileType = sourcecode.swift; path = Data.swift; sourceTree = "<group>"; };
		6BCC3F8A25DB008E007D474B /* home.swift */ = {isa = PBXFileReference; lastKnownFileType = sourcecode.swift; path = home.swift; sourceTree = "<group>"; };
		6BED80BA25CE15D000411B96 /* TabView2.swift */ = {isa = PBXFileReference; lastKnownFileType = sourcecode.swift; path = TabView2.swift; sourceTree = "<group>"; };
		6BED80C125CE7DE000411B96 /* card1.swift */ = {isa = PBXFileReference; lastKnownFileType = sourcecode.swift; path = card1.swift; sourceTree = "<group>"; };
		6BED80C725D1D03100411B96 /* json pull.swift */ = {isa = PBXFileReference; lastKnownFileType = sourcecode.swift; path = "json pull.swift"; sourceTree = "<group>"; };
		6BED80CC25D218D900411B96 /* data2.swift */ = {isa = PBXFileReference; lastKnownFileType = sourcecode.swift; path = data2.swift; sourceTree = "<group>"; };
		6BED80D125D21BFC00411B96 /* data3.swift */ = {isa = PBXFileReference; lastKnownFileType = sourcecode.swift; path = data3.swift; sourceTree = "<group>"; };
		6BED80D625D2213A00411B96 /* paghome.swift */ = {isa = PBXFileReference; lastKnownFileType = sourcecode.swift; path = paghome.swift; sourceTree = "<group>"; };
		6BED80DB25D24CB200411B96 /* pagehomecopy.swift */ = {isa = PBXFileReference; lastKnownFileType = sourcecode.swift; path = pagehomecopy.swift; sourceTree = "<group>"; };
		6BED80E025D251C400411B96 /* Organizationdetails.swift */ = {isa = PBXFileReference; lastKnownFileType = sourcecode.swift; path = Organizationdetails.swift; sourceTree = "<group>"; };
		6BED80E525D254BD00411B96 /* data4.swift */ = {isa = PBXFileReference; lastKnownFileType = sourcecode.swift; path = data4.swift; sourceTree = "<group>"; };
/* End PBXFileReference section */

/* Begin PBXFrameworksBuildPhase section */
		6B3F016025C91D1500176504 /* Frameworks */ = {
			isa = PBXFrameworksBuildPhase;
			buildActionMask = 2147483647;
			files = (
			);
			runOnlyForDeploymentPostprocessing = 0;
		};
		6B3F016825C91D1500176504 /* Frameworks */ = {
			isa = PBXFrameworksBuildPhase;
			buildActionMask = 2147483647;
			files = (
			);
			runOnlyForDeploymentPostprocessing = 0;
		};
/* End PBXFrameworksBuildPhase section */

/* Begin PBXGroup section */
		16DB99122607CB87009A1A36 /* Databases */ = {
			isa = PBXGroup;
			children = (
				6BED80C725D1D03100411B96 /* json pull.swift */,
				6B3F017F25C91D2900176504 /* Data.swift */,
				6BED80CC25D218D900411B96 /* data2.swift */,
				6BED80D125D21BFC00411B96 /* data3.swift */,
				6BED80E525D254BD00411B96 /* data4.swift */,
			);
			path = Databases;
			sourceTree = "<group>";
		};
		16DB99132607CBB8009A1A36 /* UIViews */ = {
			isa = PBXGroup;
			children = (
				1646B685260960E20072557E /* LoginView.swift */,
				6B3F015C25C91D1300176504 /* CarlosApp.swift */,
				6B3F015D25C91D1300176504 /* ContentView.swift */,
				6BED80BA25CE15D000411B96 /* TabView2.swift */,
				6BED80D625D2213A00411B96 /* paghome.swift */,
				6BED80DB25D24CB200411B96 /* pagehomecopy.swift */,
				6BED80C125CE7DE000411B96 /* card1.swift */,
			);
			path = UIViews;
			sourceTree = "<group>";
		};
		6B33D80625D4A65200FE6D42 /* Tabbed views */ = {
			isa = PBXGroup;
			children = (
				6B33D7FA25D497B700FE6D42 /* Info.swift */,
				6B33D80125D4A64900FE6D42 /* Servicios.swift */,
				6B33D80D25D4BAC800FE6D42 /* Contribuye.swift */,
			);
			path = "Tabbed views";
			sourceTree = "<group>";
		};
		6B33D81725D4C23A00FE6D42 /* Tab pages */ = {
			isa = PBXGroup;
			children = (
				6BED80E025D251C400411B96 /* Organizationdetails.swift */,
				6B33D81B25D7373D00FE6D42 /* Map1.swift */,
				6BCC3F8A25DB008E007D474B /* home.swift */,
				6B33D81225D4C1E900FE6D42 /* Redsol.swift */,
			);
			path = "Tab pages";
			sourceTree = "<group>";
		};
		6B3F015625C91D1300176504 = {
			isa = PBXGroup;
			children = (
				6B3F015B25C91D1300176504 /* Shared */,
				6B3F016525C91D1500176504 /* iOS */,
				6B3F016C25C91D1500176504 /* macOS */,
				6B3F016425C91D1500176504 /* Products */,
			);
			sourceTree = "<group>";
		};
		6B3F015B25C91D1300176504 /* Shared */ = {
			isa = PBXGroup;
			children = (
				6B33D80625D4A65200FE6D42 /* Tabbed views */,
				6B33D81725D4C23A00FE6D42 /* Tab pages */,
				16DB99132607CBB8009A1A36 /* UIViews */,
				16DB99122607CB87009A1A36 /* Databases */,
				6B3F015E25C91D1500176504 /* Assets.xcassets */,
			);
			path = Shared;
			sourceTree = "<group>";
		};
		6B3F016425C91D1500176504 /* Products */ = {
			isa = PBXGroup;
			children = (
				6B3F016325C91D1500176504 /* Carlos.app */,
				6B3F016B25C91D1500176504 /* Carlos.app */,
			);
			name = Products;
			sourceTree = "<group>";
		};
		6B3F016525C91D1500176504 /* iOS */ = {
			isa = PBXGroup;
			children = (
				6B3F016625C91D1500176504 /* Info.plist */,
			);
			path = iOS;
			sourceTree = "<group>";
		};
		6B3F016C25C91D1500176504 /* macOS */ = {
			isa = PBXGroup;
			children = (
				6B3F016D25C91D1500176504 /* Info.plist */,
				6B3F016E25C91D1500176504 /* macOS.entitlements */,
			);
			path = macOS;
			sourceTree = "<group>";
		};
/* End PBXGroup section */

/* Begin PBXNativeTarget section */
		6B3F016225C91D1500176504 /* RedSolApp  */ = {
			isa = PBXNativeTarget;
			buildConfigurationList = 6B3F017725C91D1500176504 /* Build configuration list for PBXNativeTarget "RedSolApp " */;
			buildPhases = (
				6B3F015F25C91D1500176504 /* Sources */,
				6B3F016025C91D1500176504 /* Frameworks */,
				6B3F016125C91D1500176504 /* Resources */,
			);
			buildRules = (
			);
			dependencies = (
			);
			name = "RedSolApp ";
			productName = "Carlos (iOS)";
			productReference = 6B3F016325C91D1500176504 /* Carlos.app */;
			productType = "com.apple.product-type.application";
		};
		6B3F016A25C91D1500176504 /* RedSolApp (macOS) */ = {
			isa = PBXNativeTarget;
			buildConfigurationList = 6B3F017A25C91D1500176504 /* Build configuration list for PBXNativeTarget "RedSolApp (macOS)" */;
			buildPhases = (
				6B3F016725C91D1500176504 /* Sources */,
				6B3F016825C91D1500176504 /* Frameworks */,
				6B3F016925C91D1500176504 /* Resources */,
			);
			buildRules = (
			);
			dependencies = (
			);
			name = "RedSolApp (macOS)";
			productName = "Carlos (macOS)";
			productReference = 6B3F016B25C91D1500176504 /* Carlos.app */;
			productType = "com.apple.product-type.application";
		};
/* End PBXNativeTarget section */

/* Begin PBXProject section */
		6B3F015725C91D1300176504 /* Project object */ = {
			isa = PBXProject;
			attributes = {
				LastSwiftUpdateCheck = 1230;
				LastUpgradeCheck = 1240;
				TargetAttributes = {
					6B3F016225C91D1500176504 = {
						CreatedOnToolsVersion = 12.3;
					};
					6B3F016A25C91D1500176504 = {
						CreatedOnToolsVersion = 12.3;
					};
				};
			};
			buildConfigurationList = 6B3F015A25C91D1300176504 /* Build configuration list for PBXProject "RedSolApp" */;
			compatibilityVersion = "Xcode 12.0";
			developmentRegion = en;
			hasScannedForEncodings = 0;
			knownRegions = (
				en,
				Base,
			);
			mainGroup = 6B3F015625C91D1300176504;
			productRefGroup = 6B3F016425C91D1500176504 /* Products */;
			projectDirPath = "";
			projectRoot = "";
			targets = (
				6B3F016225C91D1500176504 /* RedSolApp  */,
				6B3F016A25C91D1500176504 /* RedSolApp (macOS) */,
			);
		};
/* End PBXProject section */

/* Begin PBXResourcesBuildPhase section */
		6B3F016125C91D1500176504 /* Resources */ = {
			isa = PBXResourcesBuildPhase;
			buildActionMask = 2147483647;
			files = (
				6B3F017325C91D1500176504 /* Assets.xcassets in Resources */,
			);
			runOnlyForDeploymentPostprocessing = 0;
		};
		6B3F016925C91D1500176504 /* Resources */ = {
			isa = PBXResourcesBuildPhase;
			buildActionMask = 2147483647;
			files = (
				6B3F017425C91D1500176504 /* Assets.xcassets in Resources */,
			);
			runOnlyForDeploymentPostprocessing = 0;
		};
/* End PBXResourcesBuildPhase section */

/* Begin PBXSourcesBuildPhase section */
		6B3F015F25C91D1500176504 /* Sources */ = {
			isa = PBXSourcesBuildPhase;
			buildActionMask = 2147483647;
			files = (
				6B33D81325D4C1EA00FE6D42 /* Redsol.swift in Sources */,
				6BED80E625D254BD00411B96 /* data4.swift in Sources */,
				6BED80CD25D218D900411B96 /* data2.swift in Sources */,
				6BED80E125D251C500411B96 /* Organizationdetails.swift in Sources */,
				6B33D81C25D7373D00FE6D42 /* Map1.swift in Sources */,
				6B33D7FB25D497B700FE6D42 /* Info.swift in Sources */,
				6BCC3F8B25DB008E007D474B /* home.swift in Sources */,
				6BED80D725D2213A00411B96 /* paghome.swift in Sources */,
				6BED80C225CE7DE000411B96 /* card1.swift in Sources */,
				6B3F017125C91D1500176504 /* ContentView.swift in Sources */,
				6BED80DC25D24CB200411B96 /* pagehomecopy.swift in Sources */,
				6BED80D225D21BFC00411B96 /* data3.swift in Sources */,
				6B33D80225D4A64900FE6D42 /* Servicios.swift in Sources */,
				6B3F018025C91D2900176504 /* Data.swift in Sources */,
				6BED80C825D1D03100411B96 /* json pull.swift in Sources */,
				6BED80BB25CE15D000411B96 /* TabView2.swift in Sources */,
				1646B686260960E20072557E /* LoginView.swift in Sources */,
				6B33D80E25D4BAC800FE6D42 /* Contribuye.swift in Sources */,
				6B3F016F25C91D1500176504 /* CarlosApp.swift in Sources */,
			);
			runOnlyForDeploymentPostprocessing = 0;
		};
		6B3F016725C91D1500176504 /* Sources */ = {
			isa = PBXSourcesBuildPhase;
			buildActionMask = 2147483647;
			files = (
				6B33D81425D4C1EA00FE6D42 /* Redsol.swift in Sources */,
				6BED80E725D254BD00411B96 /* data4.swift in Sources */,
				6BED80CE25D218DA00411B96 /* data2.swift in Sources */,
				6BED80E225D251C500411B96 /* Organizationdetails.swift in Sources */,
				6B33D81D25D7373D00FE6D42 /* Map1.swift in Sources */,
				6B33D7FC25D497B700FE6D42 /* Info.swift in Sources */,
				1646B690260961570072557E /* home.swift in Sources */,
				6BED80D825D2213A00411B96 /* paghome.swift in Sources */,
				6BED80C325CE7DE000411B96 /* card1.swift in Sources */,
				6B3F017225C91D1500176504 /* ContentView.swift in Sources */,
				6BED80DD25D24CB200411B96 /* pagehomecopy.swift in Sources */,
				6BED80D325D21BFC00411B96 /* data3.swift in Sources */,
				6B33D80325D4A64900FE6D42 /* Servicios.swift in Sources */,
				6B3F018125C91D2900176504 /* Data.swift in Sources */,
				6BED80C925D1D03100411B96 /* json pull.swift in Sources */,
				6BED80BC25CE15D000411B96 /* TabView2.swift in Sources */,
				6B33D80F25D4BAC800FE6D42 /* Contribuye.swift in Sources */,
				6B3F017025C91D1500176504 /* CarlosApp.swift in Sources */,
			);
			runOnlyForDeploymentPostprocessing = 0;
		};
/* End PBXSourcesBuildPhase section */

/* Begin XCBuildConfiguration section */
		6B3F017525C91D1500176504 /* Debug */ = {
			isa = XCBuildConfiguration;
			buildSettings = {
				ALWAYS_SEARCH_USER_PATHS = NO;
				CLANG_ANALYZER_NONNULL = YES;
				CLANG_ANALYZER_NUMBER_OBJECT_CONVERSION = YES_AGGRESSIVE;
				CLANG_CXX_LANGUAGE_STANDARD = "gnu++14";
				CLANG_CXX_LIBRARY = "libc++";
				CLANG_ENABLE_MODULES = YES;
				CLANG_ENABLE_OBJC_ARC = YES;
				CLANG_ENABLE_OBJC_WEAK = YES;
				CLANG_WARN_BLOCK_CAPTURE_AUTORELEASING = YES;
				CLANG_WARN_BOOL_CONVERSION = YES;
				CLANG_WARN_COMMA = YES;
				CLANG_WARN_CONSTANT_CONVERSION = YES;
				CLANG_WARN_DEPRECATED_OBJC_IMPLEMENTATIONS = YES;
				CLANG_WARN_DIRECT_OBJC_ISA_USAGE = YES_ERROR;
				CLANG_WARN_DOCUMENTATION_COMMENTS = YES;
				CLANG_WARN_EMPTY_BODY = YES;
				CLANG_WARN_ENUM_CONVERSION = YES;
				CLANG_WARN_INFINITE_RECURSION = YES;
				CLANG_WARN_INT_CONVERSION = YES;
				CLANG_WARN_NON_LITERAL_NULL_CONVERSION = YES;
				CLANG_WARN_OBJC_IMPLICIT_RETAIN_SELF = YES;
				CLANG_WARN_OBJC_LITERAL_CONVERSION = YES;
				CLANG_WARN_OBJC_ROOT_CLASS = YES_ERROR;
				CLANG_WARN_QUOTED_INCLUDE_IN_FRAMEWORK_HEADER = YES;
				CLANG_WARN_RANGE_LOOP_ANALYSIS = YES;
				CLANG_WARN_STRICT_PROTOTYPES = YES;
				CLANG_WARN_SUSPICIOUS_MOVE = YES;
				CLANG_WARN_UNGUARDED_AVAILABILITY = YES_AGGRESSIVE;
				CLANG_WARN_UNREACHABLE_CODE = YES;
				CLANG_WARN__DUPLICATE_METHOD_MATCH = YES;
				COPY_PHASE_STRIP = NO;
				DEBUG_INFORMATION_FORMAT = dwarf;
				ENABLE_STRICT_OBJC_MSGSEND = YES;
				ENABLE_TESTABILITY = YES;
				GCC_C_LANGUAGE_STANDARD = gnu11;
				GCC_DYNAMIC_NO_PIC = NO;
				GCC_NO_COMMON_BLOCKS = YES;
				GCC_OPTIMIZATION_LEVEL = 0;
				GCC_PREPROCESSOR_DEFINITIONS = (
					"DEBUG=1",
					"$(inherited)",
				);
				GCC_WARN_64_TO_32_BIT_CONVERSION = YES;
				GCC_WARN_ABOUT_RETURN_TYPE = YES_ERROR;
				GCC_WARN_UNDECLARED_SELECTOR = YES;
				GCC_WARN_UNINITIALIZED_AUTOS = YES_AGGRESSIVE;
				GCC_WARN_UNUSED_FUNCTION = YES;
				GCC_WARN_UNUSED_VARIABLE = YES;
				MTL_ENABLE_DEBUG_INFO = INCLUDE_SOURCE;
				MTL_FAST_MATH = YES;
				ONLY_ACTIVE_ARCH = YES;
				SWIFT_ACTIVE_COMPILATION_CONDITIONS = DEBUG;
				SWIFT_OPTIMIZATION_LEVEL = "-Onone";
			};
			name = Debug;
		};
		6B3F017625C91D1500176504 /* Release */ = {
			isa = XCBuildConfiguration;
			buildSettings = {
				ALWAYS_SEARCH_USER_PATHS = NO;
				CLANG_ANALYZER_NONNULL = YES;
				CLANG_ANALYZER_NUMBER_OBJECT_CONVERSION = YES_AGGRESSIVE;
				CLANG_CXX_LANGUAGE_STANDARD = "gnu++14";
				CLANG_CXX_LIBRARY = "libc++";
				CLANG_ENABLE_MODULES = YES;
				CLANG_ENABLE_OBJC_ARC = YES;
				CLANG_ENABLE_OBJC_WEAK = YES;
				CLANG_WARN_BLOCK_CAPTURE_AUTORELEASING = YES;
				CLANG_WARN_BOOL_CONVERSION = YES;
				CLANG_WARN_COMMA = YES;
				CLANG_WARN_CONSTANT_CONVERSION = YES;
				CLANG_WARN_DEPRECATED_OBJC_IMPLEMENTATIONS = YES;
				CLANG_WARN_DIRECT_OBJC_ISA_USAGE = YES_ERROR;
				CLANG_WARN_DOCUMENTATION_COMMENTS = YES;
				CLANG_WARN_EMPTY_BODY = YES;
				CLANG_WARN_ENUM_CONVERSION = YES;
				CLANG_WARN_INFINITE_RECURSION = YES;
				CLANG_WARN_INT_CONVERSION = YES;
				CLANG_WARN_NON_LITERAL_NULL_CONVERSION = YES;
				CLANG_WARN_OBJC_IMPLICIT_RETAIN_SELF = YES;
				CLANG_WARN_OBJC_LITERAL_CONVERSION = YES;
				CLANG_WARN_OBJC_ROOT_CLASS = YES_ERROR;
				CLANG_WARN_QUOTED_INCLUDE_IN_FRAMEWORK_HEADER = YES;
				CLANG_WARN_RANGE_LOOP_ANALYSIS = YES;
				CLANG_WARN_STRICT_PROTOTYPES = YES;
				CLANG_WARN_SUSPICIOUS_MOVE = YES;
				CLANG_WARN_UNGUARDED_AVAILABILITY = YES_AGGRESSIVE;
				CLANG_WARN_UNREACHABLE_CODE = YES;
				CLANG_WARN__DUPLICATE_METHOD_MATCH = YES;
				COPY_PHASE_STRIP = NO;
				DEBUG_INFORMATION_FORMAT = "dwarf-with-dsym";
				ENABLE_NS_ASSERTIONS = NO;
				ENABLE_STRICT_OBJC_MSGSEND = YES;
				GCC_C_LANGUAGE_STANDARD = gnu11;
				GCC_NO_COMMON_BLOCKS = YES;
				GCC_WARN_64_TO_32_BIT_CONVERSION = YES;
				GCC_WARN_ABOUT_RETURN_TYPE = YES_ERROR;
				GCC_WARN_UNDECLARED_SELECTOR = YES;
				GCC_WARN_UNINITIALIZED_AUTOS = YES_AGGRESSIVE;
				GCC_WARN_UNUSED_FUNCTION = YES;
				GCC_WARN_UNUSED_VARIABLE = YES;
				MTL_ENABLE_DEBUG_INFO = NO;
				MTL_FAST_MATH = YES;
				SWIFT_COMPILATION_MODE = wholemodule;
				SWIFT_OPTIMIZATION_LEVEL = "-O";
			};
			name = Release;
		};
		6B3F017825C91D1500176504 /* Debug */ = {
			isa = XCBuildConfiguration;
			buildSettings = {
				ASSETCATALOG_COMPILER_APPICON_NAME = AppIcon;
				ASSETCATALOG_COMPILER_GLOBAL_ACCENT_COLOR_NAME = AccentColor;
				CODE_SIGN_STYLE = Automatic;
				DEVELOPMENT_TEAM = 3ZVXV95L56;
				ENABLE_PREVIEWS = YES;
				INFOPLIST_FILE = iOS/Info.plist;
				IPHONEOS_DEPLOYMENT_TARGET = 14.0;
				LD_RUNPATH_SEARCH_PATHS = (
					"$(inherited)",
					"@executable_path/Frameworks",
				);
				PRODUCT_BUNDLE_IDENTIFIER = RedSolApp.iOS;
				PRODUCT_NAME = Carlos;
				SDKROOT = iphoneos;
				SWIFT_VERSION = 5.0;
				TARGETED_DEVICE_FAMILY = "1,2";
			};
			name = Debug;
		};
		6B3F017925C91D1500176504 /* Release */ = {
			isa = XCBuildConfiguration;
			buildSettings = {
				ASSETCATALOG_COMPILER_APPICON_NAME = AppIcon;
				ASSETCATALOG_COMPILER_GLOBAL_ACCENT_COLOR_NAME = AccentColor;
				CODE_SIGN_STYLE = Automatic;
				DEVELOPMENT_TEAM = 3ZVXV95L56;
				ENABLE_PREVIEWS = YES;
				INFOPLIST_FILE = iOS/Info.plist;
				IPHONEOS_DEPLOYMENT_TARGET = 14.0;
				LD_RUNPATH_SEARCH_PATHS = (
					"$(inherited)",
					"@executable_path/Frameworks",
				);
				PRODUCT_BUNDLE_IDENTIFIER = RedSolApp.iOS;
				PRODUCT_NAME = Carlos;
				SDKROOT = iphoneos;
				SWIFT_VERSION = 5.0;
				TARGETED_DEVICE_FAMILY = "1,2";
				VALIDATE_PRODUCT = YES;
			};
			name = Release;
		};
		6B3F017B25C91D1500176504 /* Debug */ = {
			isa = XCBuildConfiguration;
			buildSettings = {
				ASSETCATALOG_COMPILER_APPICON_NAME = AppIcon;
				ASSETCATALOG_COMPILER_GLOBAL_ACCENT_COLOR_NAME = AccentColor;
				CODE_SIGN_ENTITLEMENTS = macOS/macOS.entitlements;
				CODE_SIGN_IDENTITY = "-";
				CODE_SIGN_STYLE = Automatic;
				COMBINE_HIDPI_IMAGES = YES;
				DEVELOPMENT_TEAM = 3ZVXV95L56;
				ENABLE_HARDENED_RUNTIME = YES;
				ENABLE_PREVIEWS = YES;
				INFOPLIST_FILE = macOS/Info.plist;
				LD_RUNPATH_SEARCH_PATHS = (
					"$(inherited)",
					"@executable_path/../Frameworks",
				);
				MACOSX_DEPLOYMENT_TARGET = 11.0;
				PRODUCT_BUNDLE_IDENTIFIER = RedSolApp.iOS;
				PRODUCT_NAME = Carlos;
				SDKROOT = macosx;
				SWIFT_VERSION = 5.0;
			};
			name = Debug;
		};
		6B3F017C25C91D1500176504 /* Release */ = {
			isa = XCBuildConfiguration;
			buildSettings = {
				ASSETCATALOG_COMPILER_APPICON_NAME = AppIcon;
				ASSETCATALOG_COMPILER_GLOBAL_ACCENT_COLOR_NAME = AccentColor;
				CODE_SIGN_ENTITLEMENTS = macOS/macOS.entitlements;
				CODE_SIGN_IDENTITY = "-";
				CODE_SIGN_STYLE = Automatic;
				COMBINE_HIDPI_IMAGES = YES;
				DEVELOPMENT_TEAM = 3ZVXV95L56;
				ENABLE_HARDENED_RUNTIME = YES;
				ENABLE_PREVIEWS = YES;
				INFOPLIST_FILE = macOS/Info.plist;
				LD_RUNPATH_SEARCH_PATHS = (
					"$(inherited)",
					"@executable_path/../Frameworks",
				);
				MACOSX_DEPLOYMENT_TARGET = 11.0;
				PRODUCT_BUNDLE_IDENTIFIER = RedSolApp.iOS;
				PRODUCT_NAME = Carlos;
				SDKROOT = macosx;
				SWIFT_VERSION = 5.0;
			};
			name = Release;
		};
/* End XCBuildConfiguration section */

/* Begin XCConfigurationList section */
		6B3F015A25C91D1300176504 /* Build configuration list for PBXProject "RedSolApp" */ = {
			isa = XCConfigurationList;
			buildConfigurations = (
				6B3F017525C91D1500176504 /* Debug */,
				6B3F017625C91D1500176504 /* Release */,
			);
			defaultConfigurationIsVisible = 0;
			defaultConfigurationName = Release;
		};
		6B3F017725C91D1500176504 /* Build configuration list for PBXNativeTarget "RedSolApp " */ = {
			isa = XCConfigurationList;
			buildConfigurations = (
				6B3F017825C91D1500176504 /* Debug */,
				6B3F017925C91D1500176504 /* Release */,
			);
			defaultConfigurationIsVisible = 0;
			defaultConfigurationName = Release;
		};
		6B3F017A25C91D1500176504 /* Build configuration list for PBXNativeTarget "RedSolApp (macOS)" */ = {
			isa = XCConfigurationList;
			buildConfigurations = (
				6B3F017B25C91D1500176504 /* Debug */,
				6B3F017C25C91D1500176504 /* Release */,
			);
			defaultConfigurationIsVisible = 0;
			defaultConfigurationName = Release;
		};
/* End XCConfigurationList section */
	};
	rootObject = 6B3F015725C91D1300176504 /* Project object */;
}
