// !$*UTF8*$!
{
	archiveVersion = 1;
	classes = {
	};
	objectVersion = 50;
	objects = {

/* Begin PBXBuildFile section */
		41FEC07924BC0855002E9A82 /* AppDelegate.swift in Sources */ = {isa = PBXBuildFile; fileRef = 41FEC07824BC0855002E9A82 /* AppDelegate.swift */; };
		41FEC07B24BC0855002E9A82 /* SceneDelegate.swift in Sources */ = {isa = PBXBuildFile; fileRef = 41FEC07A24BC0855002E9A82 /* SceneDelegate.swift */; };
		41FEC07D24BC0855002E9A82 /* ContentView.swift in Sources */ = {isa = PBXBuildFile; fileRef = 41FEC07C24BC0855002E9A82 /* ContentView.swift */; };
		41FEC07F24BC0859002E9A82 /* Assets.xcassets in Resources */ = {isa = PBXBuildFile; fileRef = 41FEC07E24BC0859002E9A82 /* Assets.xcassets */; };
		41FEC08224BC0859002E9A82 /* Preview Assets.xcassets in Resources */ = {isa = PBXBuildFile; fileRef = 41FEC08124BC0859002E9A82 /* Preview Assets.xcassets */; };
		41FEC08524BC0859002E9A82 /* LaunchScreen.storyboard in Resources */ = {isa = PBXBuildFile; fileRef = 41FEC08324BC0859002E9A82 /* LaunchScreen.storyboard */; };
		41FEC09024BC0859002E9A82 /* RedSolAppTests.swift in Sources */ = {isa = PBXBuildFile; fileRef = 41FEC08F24BC0859002E9A82 /* RedSolAppTests.swift */; };
		41FEC09B24BC0859002E9A82 /* RedSolAppUITests.swift in Sources */ = {isa = PBXBuildFile; fileRef = 41FEC09A24BC0859002E9A82 /* RedSolAppUITests.swift */; };
/* End PBXBuildFile section */

/* Begin PBXContainerItemProxy section */
		41FEC08C24BC0859002E9A82 /* PBXContainerItemProxy */ = {
			isa = PBXContainerItemProxy;
			containerPortal = 41FEC06D24BC0855002E9A82 /* Project object */;
			proxyType = 1;
			remoteGlobalIDString = 41FEC07424BC0855002E9A82;
			remoteInfo = RedSolApp;
		};
		41FEC09724BC0859002E9A82 /* PBXContainerItemProxy */ = {
			isa = PBXContainerItemProxy;
			containerPortal = 41FEC06D24BC0855002E9A82 /* Project object */;
			proxyType = 1;
			remoteGlobalIDString = 41FEC07424BC0855002E9A82;
			remoteInfo = RedSolApp;
		};
/* End PBXContainerItemProxy section */

/* Begin PBXFileReference section */
		41FEC07524BC0855002E9A82 /* RedSolApp.app */ = {isa = PBXFileReference; explicitFileType = wrapper.application; includeInIndex = 0; path = RedSolApp.app; sourceTree = BUILT_PRODUCTS_DIR; };
		41FEC07824BC0855002E9A82 /* AppDelegate.swift */ = {isa = PBXFileReference; lastKnownFileType = sourcecode.swift; path = AppDelegate.swift; sourceTree = "<group>"; };
		41FEC07A24BC0855002E9A82 /* SceneDelegate.swift */ = {isa = PBXFileReference; lastKnownFileType = sourcecode.swift; path = SceneDelegate.swift; sourceTree = "<group>"; };
		41FEC07C24BC0855002E9A82 /* ContentView.swift */ = {isa = PBXFileReference; lastKnownFileType = sourcecode.swift; path = ContentView.swift; sourceTree = "<group>"; };
		41FEC07E24BC0859002E9A82 /* Assets.xcassets */ = {isa = PBXFileReference; lastKnownFileType = folder.assetcatalog; path = Assets.xcassets; sourceTree = "<group>"; };
		41FEC08124BC0859002E9A82 /* Preview Assets.xcassets */ = {isa = PBXFileReference; lastKnownFileType = folder.assetcatalog; path = "Preview Assets.xcassets"; sourceTree = "<group>"; };
		41FEC08424BC0859002E9A82 /* Base */ = {isa = PBXFileReference; lastKnownFileType = file.storyboard; name = Base; path = Base.lproj/LaunchScreen.storyboard; sourceTree = "<group>"; };
		41FEC08624BC0859002E9A82 /* Info.plist */ = {isa = PBXFileReference; lastKnownFileType = text.plist.xml; path = Info.plist; sourceTree = "<group>"; };
		41FEC08B24BC0859002E9A82 /* RedSolAppTests.xctest */ = {isa = PBXFileReference; explicitFileType = wrapper.cfbundle; includeInIndex = 0; path = RedSolAppTests.xctest; sourceTree = BUILT_PRODUCTS_DIR; };
		41FEC08F24BC0859002E9A82 /* RedSolAppTests.swift */ = {isa = PBXFileReference; lastKnownFileType = sourcecode.swift; path = RedSolAppTests.swift; sourceTree = "<group>"; };
		41FEC09124BC0859002E9A82 /* Info.plist */ = {isa = PBXFileReference; lastKnownFileType = text.plist.xml; path = Info.plist; sourceTree = "<group>"; };
		41FEC09624BC0859002E9A82 /* RedSolAppUITests.xctest */ = {isa = PBXFileReference; explicitFileType = wrapper.cfbundle; includeInIndex = 0; path = RedSolAppUITests.xctest; sourceTree = BUILT_PRODUCTS_DIR; };
		41FEC09A24BC0859002E9A82 /* RedSolAppUITests.swift */ = {isa = PBXFileReference; lastKnownFileType = sourcecode.swift; path = RedSolAppUITests.swift; sourceTree = "<group>"; };
		41FEC09C24BC0859002E9A82 /* Info.plist */ = {isa = PBXFileReference; lastKnownFileType = text.plist.xml; path = Info.plist; sourceTree = "<group>"; };
/* End PBXFileReference section */

/* Begin PBXFrameworksBuildPhase section */
		41FEC07224BC0855002E9A82 /* Frameworks */ = {
			isa = PBXFrameworksBuildPhase;
			buildActionMask = 2147483647;
			files = (
			);
			runOnlyForDeploymentPostprocessing = 0;
		};
		41FEC08824BC0859002E9A82 /* Frameworks */ = {
			isa = PBXFrameworksBuildPhase;
			buildActionMask = 2147483647;
			files = (
			);
			runOnlyForDeploymentPostprocessing = 0;
		};
		41FEC09324BC0859002E9A82 /* Frameworks */ = {
			isa = PBXFrameworksBuildPhase;
			buildActionMask = 2147483647;
			files = (
			);
			runOnlyForDeploymentPostprocessing = 0;
		};
/* End PBXFrameworksBuildPhase section */

/* Begin PBXGroup section */
		41FEC06C24BC0855002E9A82 = {
			isa = PBXGroup;
			children = (
				41FEC07724BC0855002E9A82 /* RedSolApp */,
				41FEC08E24BC0859002E9A82 /* RedSolAppTests */,
				41FEC09924BC0859002E9A82 /* RedSolAppUITests */,
				41FEC07624BC0855002E9A82 /* Products */,
			);
			sourceTree = "<group>";
		};
		41FEC07624BC0855002E9A82 /* Products */ = {
			isa = PBXGroup;
			children = (
				41FEC07524BC0855002E9A82 /* RedSolApp.app */,
				41FEC08B24BC0859002E9A82 /* RedSolAppTests.xctest */,
				41FEC09624BC0859002E9A82 /* RedSolAppUITests.xctest */,
			);
			name = Products;
			sourceTree = "<group>";
		};
		41FEC07724BC0855002E9A82 /* RedSolApp */ = {
			isa = PBXGroup;
			children = (
				41FEC07824BC0855002E9A82 /* AppDelegate.swift */,
				41FEC07A24BC0855002E9A82 /* SceneDelegate.swift */,
				41FEC07C24BC0855002E9A82 /* ContentView.swift */,
				41FEC07E24BC0859002E9A82 /* Assets.xcassets */,
				41FEC08324BC0859002E9A82 /* LaunchScreen.storyboard */,
				41FEC08624BC0859002E9A82 /* Info.plist */,
				41FEC08024BC0859002E9A82 /* Preview Content */,
			);
			path = RedSolApp;
			sourceTree = "<group>";
		};
		41FEC08024BC0859002E9A82 /* Preview Content */ = {
			isa = PBXGroup;
			children = (
				41FEC08124BC0859002E9A82 /* Preview Assets.xcassets */,
			);
			path = "Preview Content";
			sourceTree = "<group>";
		};
		41FEC08E24BC0859002E9A82 /* RedSolAppTests */ = {
			isa = PBXGroup;
			children = (
				41FEC08F24BC0859002E9A82 /* RedSolAppTests.swift */,
				41FEC09124BC0859002E9A82 /* Info.plist */,
			);
			path = RedSolAppTests;
			sourceTree = "<group>";
		};
		41FEC09924BC0859002E9A82 /* RedSolAppUITests */ = {
			isa = PBXGroup;
			children = (
				41FEC09A24BC0859002E9A82 /* RedSolAppUITests.swift */,
				41FEC09C24BC0859002E9A82 /* Info.plist */,
			);
			path = RedSolAppUITests;
			sourceTree = "<group>";
		};
/* End PBXGroup section */

/* Begin PBXNativeTarget section */
		41FEC07424BC0855002E9A82 /* RedSolApp */ = {
			isa = PBXNativeTarget;
			buildConfigurationList = 41FEC09F24BC0859002E9A82 /* Build configuration list for PBXNativeTarget "RedSolApp" */;
			buildPhases = (
				41FEC07124BC0855002E9A82 /* Sources */,
				41FEC07224BC0855002E9A82 /* Frameworks */,
				41FEC07324BC0855002E9A82 /* Resources */,
			);
			buildRules = (
			);
			dependencies = (
			);
			name = RedSolApp;
			productName = RedSolApp;
			productReference = 41FEC07524BC0855002E9A82 /* RedSolApp.app */;
			productType = "com.apple.product-type.application";
		};
		41FEC08A24BC0859002E9A82 /* RedSolAppTests */ = {
			isa = PBXNativeTarget;
			buildConfigurationList = 41FEC0A224BC0859002E9A82 /* Build configuration list for PBXNativeTarget "RedSolAppTests" */;
			buildPhases = (
				41FEC08724BC0859002E9A82 /* Sources */,
				41FEC08824BC0859002E9A82 /* Frameworks */,
				41FEC08924BC0859002E9A82 /* Resources */,
			);
			buildRules = (
			);
			dependencies = (
				41FEC08D24BC0859002E9A82 /* PBXTargetDependency */,
			);
			name = RedSolAppTests;
			productName = RedSolAppTests;
			productReference = 41FEC08B24BC0859002E9A82 /* RedSolAppTests.xctest */;
			productType = "com.apple.product-type.bundle.unit-test";
		};
		41FEC09524BC0859002E9A82 /* RedSolAppUITests */ = {
			isa = PBXNativeTarget;
			buildConfigurationList = 41FEC0A524BC0859002E9A82 /* Build configuration list for PBXNativeTarget "RedSolAppUITests" */;
			buildPhases = (
				41FEC09224BC0859002E9A82 /* Sources */,
				41FEC09324BC0859002E9A82 /* Frameworks */,
				41FEC09424BC0859002E9A82 /* Resources */,
			);
			buildRules = (
			);
			dependencies = (
				41FEC09824BC0859002E9A82 /* PBXTargetDependency */,
			);
			name = RedSolAppUITests;
			productName = RedSolAppUITests;
			productReference = 41FEC09624BC0859002E9A82 /* RedSolAppUITests.xctest */;
			productType = "com.apple.product-type.bundle.ui-testing";
		};
/* End PBXNativeTarget section */

/* Begin PBXProject section */
		41FEC06D24BC0855002E9A82 /* Project object */ = {
			isa = PBXProject;
			attributes = {
				LastSwiftUpdateCheck = 1150;
				LastUpgradeCheck = 1150;
				ORGANIZATIONNAME = JusticeInternational;
				TargetAttributes = {
					41FEC07424BC0855002E9A82 = {
						CreatedOnToolsVersion = 11.5;
					};
					41FEC08A24BC0859002E9A82 = {
						CreatedOnToolsVersion = 11.5;
						TestTargetID = 41FEC07424BC0855002E9A82;
					};
					41FEC09524BC0859002E9A82 = {
						CreatedOnToolsVersion = 11.5;
						TestTargetID = 41FEC07424BC0855002E9A82;
					};
				};
			};
			buildConfigurationList = 41FEC07024BC0855002E9A82 /* Build configuration list for PBXProject "RedSolApp" */;
			compatibilityVersion = "Xcode 9.3";
			developmentRegion = en;
			hasScannedForEncodings = 0;
			knownRegions = (
				en,
				Base,
			);
			mainGroup = 41FEC06C24BC0855002E9A82;
			productRefGroup = 41FEC07624BC0855002E9A82 /* Products */;
			projectDirPath = "";
			projectRoot = "";
			targets = (
				41FEC07424BC0855002E9A82 /* RedSolApp */,
				41FEC08A24BC0859002E9A82 /* RedSolAppTests */,
				41FEC09524BC0859002E9A82 /* RedSolAppUITests */,
			);
		};
/* End PBXProject section */

/* Begin PBXResourcesBuildPhase section */
		41FEC07324BC0855002E9A82 /* Resources */ = {
			isa = PBXResourcesBuildPhase;
			buildActionMask = 2147483647;
			files = (
				41FEC08524BC0859002E9A82 /* LaunchScreen.storyboard in Resources */,
				41FEC08224BC0859002E9A82 /* Preview Assets.xcassets in Resources */,
				41FEC07F24BC0859002E9A82 /* Assets.xcassets in Resources */,
			);
			runOnlyForDeploymentPostprocessing = 0;
		};
		41FEC08924BC0859002E9A82 /* Resources */ = {
			isa = PBXResourcesBuildPhase;
			buildActionMask = 2147483647;
			files = (
			);
			runOnlyForDeploymentPostprocessing = 0;
		};
		41FEC09424BC0859002E9A82 /* Resources */ = {
			isa = PBXResourcesBuildPhase;
			buildActionMask = 2147483647;
			files = (
			);
			runOnlyForDeploymentPostprocessing = 0;
		};
/* End PBXResourcesBuildPhase section */

/* Begin PBXSourcesBuildPhase section */
		41FEC07124BC0855002E9A82 /* Sources */ = {
			isa = PBXSourcesBuildPhase;
			buildActionMask = 2147483647;
			files = (
				41FEC07924BC0855002E9A82 /* AppDelegate.swift in Sources */,
				41FEC07B24BC0855002E9A82 /* SceneDelegate.swift in Sources */,
				41FEC07D24BC0855002E9A82 /* ContentView.swift in Sources */,
			);
			runOnlyForDeploymentPostprocessing = 0;
		};
		41FEC08724BC0859002E9A82 /* Sources */ = {
			isa = PBXSourcesBuildPhase;
			buildActionMask = 2147483647;
			files = (
				41FEC09024BC0859002E9A82 /* RedSolAppTests.swift in Sources */,
			);
			runOnlyForDeploymentPostprocessing = 0;
		};
		41FEC09224BC0859002E9A82 /* Sources */ = {
			isa = PBXSourcesBuildPhase;
			buildActionMask = 2147483647;
			files = (
				41FEC09B24BC0859002E9A82 /* RedSolAppUITests.swift in Sources */,
			);
			runOnlyForDeploymentPostprocessing = 0;
		};
/* End PBXSourcesBuildPhase section */

/* Begin PBXTargetDependency section */
		41FEC08D24BC0859002E9A82 /* PBXTargetDependency */ = {
			isa = PBXTargetDependency;
			target = 41FEC07424BC0855002E9A82 /* RedSolApp */;
			targetProxy = 41FEC08C24BC0859002E9A82 /* PBXContainerItemProxy */;
		};
		41FEC09824BC0859002E9A82 /* PBXTargetDependency */ = {
			isa = PBXTargetDependency;
			target = 41FEC07424BC0855002E9A82 /* RedSolApp */;
			targetProxy = 41FEC09724BC0859002E9A82 /* PBXContainerItemProxy */;
		};
/* End PBXTargetDependency section */

/* Begin PBXVariantGroup section */
		41FEC08324BC0859002E9A82 /* LaunchScreen.storyboard */ = {
			isa = PBXVariantGroup;
			children = (
				41FEC08424BC0859002E9A82 /* Base */,
			);
			name = LaunchScreen.storyboard;
			sourceTree = "<group>";
		};
/* End PBXVariantGroup section */

/* Begin XCBuildConfiguration section */
		41FEC09D24BC0859002E9A82 /* Debug */ = {
			isa = XCBuildConfiguration;
			buildSettings = {
				ALWAYS_SEARCH_USER_PATHS = NO;
				CLANG_ANALYZER_NONNULL = YES;
				CLANG_ANALYZER_NUMBER_OBJECT_CONVERSION = YES_AGGRESSIVE;
				CLANG_CXX_LANGUAGE_STANDARD = "gnu++14";
				CLANG_CXX_LIBRARY = "libc++";
				CLANG_ENABLE_MODULES = YES;
				CLANG_ENABLE_OBJC_ARC = YES;
				CLANG_ENABLE_OBJC_WEAK = YES;
				CLANG_WARN_BLOCK_CAPTURE_AUTORELEASING = YES;
				CLANG_WARN_BOOL_CONVERSION = YES;
				CLANG_WARN_COMMA = YES;
				CLANG_WARN_CONSTANT_CONVERSION = YES;
				CLANG_WARN_DEPRECATED_OBJC_IMPLEMENTATIONS = YES;
				CLANG_WARN_DIRECT_OBJC_ISA_USAGE = YES_ERROR;
				CLANG_WARN_DOCUMENTATION_COMMENTS = YES;
				CLANG_WARN_EMPTY_BODY = YES;
				CLANG_WARN_ENUM_CONVERSION = YES;
				CLANG_WARN_INFINITE_RECURSION = YES;
				CLANG_WARN_INT_CONVERSION = YES;
				CLANG_WARN_NON_LITERAL_NULL_CONVERSION = YES;
				CLANG_WARN_OBJC_IMPLICIT_RETAIN_SELF = YES;
				CLANG_WARN_OBJC_LITERAL_CONVERSION = YES;
				CLANG_WARN_OBJC_ROOT_CLASS = YES_ERROR;
				CLANG_WARN_RANGE_LOOP_ANALYSIS = YES;
				CLANG_WARN_STRICT_PROTOTYPES = YES;
				CLANG_WARN_SUSPICIOUS_MOVE = YES;
				CLANG_WARN_UNGUARDED_AVAILABILITY = YES_AGGRESSIVE;
				CLANG_WARN_UNREACHABLE_CODE = YES;
				CLANG_WARN__DUPLICATE_METHOD_MATCH = YES;
				COPY_PHASE_STRIP = NO;
				DEBUG_INFORMATION_FORMAT = dwarf;
				ENABLE_STRICT_OBJC_MSGSEND = YES;
				ENABLE_TESTABILITY = YES;
				GCC_C_LANGUAGE_STANDARD = gnu11;
				GCC_DYNAMIC_NO_PIC = NO;
				GCC_NO_COMMON_BLOCKS = YES;
				GCC_OPTIMIZATION_LEVEL = 0;
				GCC_PREPROCESSOR_DEFINITIONS = (
					"DEBUG=1",
					"$(inherited)",
				);
				GCC_WARN_64_TO_32_BIT_CONVERSION = YES;
				GCC_WARN_ABOUT_RETURN_TYPE = YES_ERROR;
				GCC_WARN_UNDECLARED_SELECTOR = YES;
				GCC_WARN_UNINITIALIZED_AUTOS = YES_AGGRESSIVE;
				GCC_WARN_UNUSED_FUNCTION = YES;
				GCC_WARN_UNUSED_VARIABLE = YES;
				IPHONEOS_DEPLOYMENT_TARGET = 13.5;
				MTL_ENABLE_DEBUG_INFO = INCLUDE_SOURCE;
				MTL_FAST_MATH = YES;
				ONLY_ACTIVE_ARCH = YES;
				SDKROOT = iphoneos;
				SWIFT_ACTIVE_COMPILATION_CONDITIONS = DEBUG;
				SWIFT_OPTIMIZATION_LEVEL = "-Onone";
			};
			name = Debug;
		};
		41FEC09E24BC0859002E9A82 /* Release */ = {
			isa = XCBuildConfiguration;
			buildSettings = {
				ALWAYS_SEARCH_USER_PATHS = NO;
				CLANG_ANALYZER_NONNULL = YES;
				CLANG_ANALYZER_NUMBER_OBJECT_CONVERSION = YES_AGGRESSIVE;
				CLANG_CXX_LANGUAGE_STANDARD = "gnu++14";
				CLANG_CXX_LIBRARY = "libc++";
				CLANG_ENABLE_MODULES = YES;
				CLANG_ENABLE_OBJC_ARC = YES;
				CLANG_ENABLE_OBJC_WEAK = YES;
				CLANG_WARN_BLOCK_CAPTURE_AUTORELEASING = YES;
				CLANG_WARN_BOOL_CONVERSION = YES;
				CLANG_WARN_COMMA = YES;
				CLANG_WARN_CONSTANT_CONVERSION = YES;
				CLANG_WARN_DEPRECATED_OBJC_IMPLEMENTATIONS = YES;
				CLANG_WARN_DIRECT_OBJC_ISA_USAGE = YES_ERROR;
				CLANG_WARN_DOCUMENTATION_COMMENTS = YES;
				CLANG_WARN_EMPTY_BODY = YES;
				CLANG_WARN_ENUM_CONVERSION = YES;
				CLANG_WARN_INFINITE_RECURSION = YES;
				CLANG_WARN_INT_CONVERSION = YES;
				CLANG_WARN_NON_LITERAL_NULL_CONVERSION = YES;
				CLANG_WARN_OBJC_IMPLICIT_RETAIN_SELF = YES;
				CLANG_WARN_OBJC_LITERAL_CONVERSION = YES;
				CLANG_WARN_OBJC_ROOT_CLASS = YES_ERROR;
				CLANG_WARN_RANGE_LOOP_ANALYSIS = YES;
				CLANG_WARN_STRICT_PROTOTYPES = YES;
				CLANG_WARN_SUSPICIOUS_MOVE = YES;
				CLANG_WARN_UNGUARDED_AVAILABILITY = YES_AGGRESSIVE;
				CLANG_WARN_UNREACHABLE_CODE = YES;
				CLANG_WARN__DUPLICATE_METHOD_MATCH = YES;
				COPY_PHASE_STRIP = NO;
				DEBUG_INFORMATION_FORMAT = "dwarf-with-dsym";
				ENABLE_NS_ASSERTIONS = NO;
				ENABLE_STRICT_OBJC_MSGSEND = YES;
				GCC_C_LANGUAGE_STANDARD = gnu11;
				GCC_NO_COMMON_BLOCKS = YES;
				GCC_WARN_64_TO_32_BIT_CONVERSION = YES;
				GCC_WARN_ABOUT_RETURN_TYPE = YES_ERROR;
				GCC_WARN_UNDECLARED_SELECTOR = YES;
				GCC_WARN_UNINITIALIZED_AUTOS = YES_AGGRESSIVE;
				GCC_WARN_UNUSED_FUNCTION = YES;
				GCC_WARN_UNUSED_VARIABLE = YES;
				IPHONEOS_DEPLOYMENT_TARGET = 13.5;
				MTL_ENABLE_DEBUG_INFO = NO;
				MTL_FAST_MATH = YES;
				SDKROOT = iphoneos;
				SWIFT_COMPILATION_MODE = wholemodule;
				SWIFT_OPTIMIZATION_LEVEL = "-O";
				VALIDATE_PRODUCT = YES;
			};
			name = Release;
		};
		41FEC0A024BC0859002E9A82 /* Debug */ = {
			isa = XCBuildConfiguration;
			buildSettings = {
				ASSETCATALOG_COMPILER_APPICON_NAME = AppIcon;
				CODE_SIGN_STYLE = Automatic;
				DEVELOPMENT_ASSET_PATHS = "\"RedSolApp/Preview Content\"";
				ENABLE_PREVIEWS = YES;
				INFOPLIST_FILE = RedSolApp/Info.plist;
				LD_RUNPATH_SEARCH_PATHS = (
					"$(inherited)",
					"@executable_path/Frameworks",
				);
				PRODUCT_BUNDLE_IDENTIFIER = redsol.app.RedSolApp;
				PRODUCT_NAME = "$(TARGET_NAME)";
				SWIFT_VERSION = 5.0;
				TARGETED_DEVICE_FAMILY = "1,2";
			};
			name = Debug;
		};
		41FEC0A124BC0859002E9A82 /* Release */ = {
			isa = XCBuildConfiguration;
			buildSettings = {
				ASSETCATALOG_COMPILER_APPICON_NAME = AppIcon;
				CODE_SIGN_STYLE = Automatic;
				DEVELOPMENT_ASSET_PATHS = "\"RedSolApp/Preview Content\"";
				ENABLE_PREVIEWS = YES;
				INFOPLIST_FILE = RedSolApp/Info.plist;
				LD_RUNPATH_SEARCH_PATHS = (
					"$(inherited)",
					"@executable_path/Frameworks",
				);
				PRODUCT_BUNDLE_IDENTIFIER = redsol.app.RedSolApp;
				PRODUCT_NAME = "$(TARGET_NAME)";
				SWIFT_VERSION = 5.0;
				TARGETED_DEVICE_FAMILY = "1,2";
			};
			name = Release;
		};
		41FEC0A324BC0859002E9A82 /* Debug */ = {
			isa = XCBuildConfiguration;
			buildSettings = {
				ALWAYS_EMBED_SWIFT_STANDARD_LIBRARIES = YES;
				BUNDLE_LOADER = "$(TEST_HOST)";
				CODE_SIGN_STYLE = Automatic;
				INFOPLIST_FILE = RedSolAppTests/Info.plist;
				IPHONEOS_DEPLOYMENT_TARGET = 13.5;
				LD_RUNPATH_SEARCH_PATHS = (
					"$(inherited)",
					"@executable_path/Frameworks",
					"@loader_path/Frameworks",
				);
				PRODUCT_BUNDLE_IDENTIFIER = redsol.app.RedSolAppTests;
				PRODUCT_NAME = "$(TARGET_NAME)";
				SWIFT_VERSION = 5.0;
				TARGETED_DEVICE_FAMILY = "1,2";
				TEST_HOST = "$(BUILT_PRODUCTS_DIR)/RedSolApp.app/RedSolApp";
			};
			name = Debug;
		};
		41FEC0A424BC0859002E9A82 /* Release */ = {
			isa = XCBuildConfiguration;
			buildSettings = {
				ALWAYS_EMBED_SWIFT_STANDARD_LIBRARIES = YES;
				BUNDLE_LOADER = "$(TEST_HOST)";
				CODE_SIGN_STYLE = Automatic;
				INFOPLIST_FILE = RedSolAppTests/Info.plist;
				IPHONEOS_DEPLOYMENT_TARGET = 13.5;
				LD_RUNPATH_SEARCH_PATHS = (
					"$(inherited)",
					"@executable_path/Frameworks",
					"@loader_path/Frameworks",
				);
				PRODUCT_BUNDLE_IDENTIFIER = redsol.app.RedSolAppTests;
				PRODUCT_NAME = "$(TARGET_NAME)";
				SWIFT_VERSION = 5.0;
				TARGETED_DEVICE_FAMILY = "1,2";
				TEST_HOST = "$(BUILT_PRODUCTS_DIR)/RedSolApp.app/RedSolApp";
			};
			name = Release;
		};
		41FEC0A624BC0859002E9A82 /* Debug */ = {
			isa = XCBuildConfiguration;
			buildSettings = {
				ALWAYS_EMBED_SWIFT_STANDARD_LIBRARIES = YES;
				CODE_SIGN_STYLE = Automatic;
				INFOPLIST_FILE = RedSolAppUITests/Info.plist;
				LD_RUNPATH_SEARCH_PATHS = (
					"$(inherited)",
					"@executable_path/Frameworks",
					"@loader_path/Frameworks",
				);
				PRODUCT_BUNDLE_IDENTIFIER = redsol.app.RedSolAppUITests;
				PRODUCT_NAME = "$(TARGET_NAME)";
				SWIFT_VERSION = 5.0;
				TARGETED_DEVICE_FAMILY = "1,2";
				TEST_TARGET_NAME = RedSolApp;
			};
			name = Debug;
		};
		41FEC0A724BC0859002E9A82 /* Release */ = {
			isa = XCBuildConfiguration;
			buildSettings = {
				ALWAYS_EMBED_SWIFT_STANDARD_LIBRARIES = YES;
				CODE_SIGN_STYLE = Automatic;
				INFOPLIST_FILE = RedSolAppUITests/Info.plist;
				LD_RUNPATH_SEARCH_PATHS = (
					"$(inherited)",
					"@executable_path/Frameworks",
					"@loader_path/Frameworks",
				);
				PRODUCT_BUNDLE_IDENTIFIER = redsol.app.RedSolAppUITests;
				PRODUCT_NAME = "$(TARGET_NAME)";
				SWIFT_VERSION = 5.0;
				TARGETED_DEVICE_FAMILY = "1,2";
				TEST_TARGET_NAME = RedSolApp;
			};
			name = Release;
		};
/* End XCBuildConfiguration section */

/* Begin XCConfigurationList section */
		41FEC07024BC0855002E9A82 /* Build configuration list for PBXProject "RedSolApp" */ = {
			isa = XCConfigurationList;
			buildConfigurations = (
				41FEC09D24BC0859002E9A82 /* Debug */,
				41FEC09E24BC0859002E9A82 /* Release */,
			);
			defaultConfigurationIsVisible = 0;
			defaultConfigurationName = Release;
		};
		41FEC09F24BC0859002E9A82 /* Build configuration list for PBXNativeTarget "RedSolApp" */ = {
			isa = XCConfigurationList;
			buildConfigurations = (
				41FEC0A024BC0859002E9A82 /* Debug */,
				41FEC0A124BC0859002E9A82 /* Release */,
			);
			defaultConfigurationIsVisible = 0;
			defaultConfigurationName = Release;
		};
		41FEC0A224BC0859002E9A82 /* Build configuration list for PBXNativeTarget "RedSolAppTests" */ = {
			isa = XCConfigurationList;
			buildConfigurations = (
				41FEC0A324BC0859002E9A82 /* Debug */,
				41FEC0A424BC0859002E9A82 /* Release */,
			);
			defaultConfigurationIsVisible = 0;
			defaultConfigurationName = Release;
		};
		41FEC0A524BC0859002E9A82 /* Build configuration list for PBXNativeTarget "RedSolAppUITests" */ = {
			isa = XCConfigurationList;
			buildConfigurations = (
				41FEC0A624BC0859002E9A82 /* Debug */,
				41FEC0A724BC0859002E9A82 /* Release */,
			);
			defaultConfigurationIsVisible = 0;
			defaultConfigurationName = Release;
		};
/* End XCConfigurationList section */
	};
	rootObject = 41FEC06D24BC0855002E9A82 /* Project object */;
}
