// !$*UTF8*$!
{
	archiveVersion = 1;
	classes = {
	};
	objectVersion = 50;
	objects = {

/* Begin PBXBuildFile section */
		10B9A1F4960D0F45D8C0430A /* libPods-RedSolApp-UITests.a in Frameworks */ = {isa = PBXBuildFile; fileRef = 5AAA4E0F1E8BFA71A5BB2A1B /* libPods-RedSolApp-UITests.a */; };
		167D9B12266EE47600F61BB4 /* LoadUsedCategories.graphql in Resources */ = {isa = PBXBuildFile; fileRef = 167D9B11266EE47600F61BB4 /* LoadUsedCategories.graphql */; };
		16BBB923266F4C46008152C3 /* Network.swift in Sources */ = {isa = PBXBuildFile; fileRef = 16BBB922266F4C46008152C3 /* Network.swift */; };
		16BBB92626709E4D008152C3 /* API.swift in Sources */ = {isa = PBXBuildFile; fileRef = 16BBB92526709E4D008152C3 /* API.swift */; };
		16D086D4267412FB00240C0A /* RegisterScreen.swift in Sources */ = {isa = PBXBuildFile; fileRef = 16D086D3267412FB00240C0A /* RegisterScreen.swift */; };
		16D086D6267416A500240C0A /* SUBRegisterForm.swift in Sources */ = {isa = PBXBuildFile; fileRef = 16D086D5267416A500240C0A /* SUBRegisterForm.swift */; };
		16D547A1267543A60076D7BB /* Roboto-BoldItalic.ttf in Resources */ = {isa = PBXBuildFile; fileRef = 16D5479B267543930076D7BB /* Roboto-BoldItalic.ttf */; };
		16D547A2267543A60076D7BB /* Roboto-Light.ttf in Resources */ = {isa = PBXBuildFile; fileRef = 16D5479C267543930076D7BB /* Roboto-Light.ttf */; };
		16D547A3267543A60076D7BB /* Roboto-Italic.ttf in Resources */ = {isa = PBXBuildFile; fileRef = 16D54799267543930076D7BB /* Roboto-Italic.ttf */; };
		16D547A4267543A60076D7BB /* Roboto-MediumItalic.ttf in Resources */ = {isa = PBXBuildFile; fileRef = 16D54795267543920076D7BB /* Roboto-MediumItalic.ttf */; };
		16D547A5267543A60076D7BB /* Roboto-Thin.ttf in Resources */ = {isa = PBXBuildFile; fileRef = 16D54794267543920076D7BB /* Roboto-Thin.ttf */; };
		16D547A6267543A60076D7BB /* Roboto-BlackItalic.ttf in Resources */ = {isa = PBXBuildFile; fileRef = 16D5479A267543930076D7BB /* Roboto-BlackItalic.ttf */; };
		16D547A7267543A60076D7BB /* Roboto-Medium.ttf in Resources */ = {isa = PBXBuildFile; fileRef = 16D54796267543930076D7BB /* Roboto-Medium.ttf */; };
		16D547A8267543A60076D7BB /* Roboto-Black.ttf in Resources */ = {isa = PBXBuildFile; fileRef = 16D54797267543930076D7BB /* Roboto-Black.ttf */; };
		16D547A9267543A60076D7BB /* Roboto-LightItalic.ttf in Resources */ = {isa = PBXBuildFile; fileRef = 16D5479E267543930076D7BB /* Roboto-LightItalic.ttf */; };
		16D547AA267543A60076D7BB /* Roboto-Regular.ttf in Resources */ = {isa = PBXBuildFile; fileRef = 16D5479D267543930076D7BB /* Roboto-Regular.ttf */; };
		16D547AB267543A60076D7BB /* Roboto-Bold.ttf in Resources */ = {isa = PBXBuildFile; fileRef = 16D54798267543930076D7BB /* Roboto-Bold.ttf */; };
		16D547AC267543A60076D7BB /* Roboto-ThinItalic.ttf in Resources */ = {isa = PBXBuildFile; fileRef = 16D5479F267543930076D7BB /* Roboto-ThinItalic.ttf */; };
		16D547AE267548BE0076D7BB /* LICENSE.txt in Resources */ = {isa = PBXBuildFile; fileRef = 16D547AD267548BE0076D7BB /* LICENSE.txt */; };
		16F6C05F266D336000220E91 /* RedSolApp_iOSApp.swift in Sources */ = {isa = PBXBuildFile; fileRef = 16F6C05E266D336000220E91 /* RedSolApp_iOSApp.swift */; };
		16F6C063266D336100220E91 /* Assets.xcassets in Resources */ = {isa = PBXBuildFile; fileRef = 16F6C062266D336100220E91 /* Assets.xcassets */; };
		16F6C066266D336100220E91 /* Preview Assets.xcassets in Resources */ = {isa = PBXBuildFile; fileRef = 16F6C065266D336100220E91 /* Preview Assets.xcassets */; };
		16F6C071266D336100220E91 /* RedSolApp_iOSTests.swift in Sources */ = {isa = PBXBuildFile; fileRef = 16F6C070266D336100220E91 /* RedSolApp_iOSTests.swift */; };
		16F6C07C266D336100220E91 /* RedSolApp_iOSUITests.swift in Sources */ = {isa = PBXBuildFile; fileRef = 16F6C07B266D336100220E91 /* RedSolApp_iOSUITests.swift */; };
		16F6C091266D33BD00220E91 /* OrganizationInfoView.swift in Sources */ = {isa = PBXBuildFile; fileRef = 16F6C090266D33BD00220E91 /* OrganizationInfoView.swift */; };
		16F6C096266D33D100220E91 /* ServicesView.swift in Sources */ = {isa = PBXBuildFile; fileRef = 16F6C095266D33D100220E91 /* ServicesView.swift */; };
		16F6C09B266D33DE00220E91 /* ContribuyeView.swift in Sources */ = {isa = PBXBuildFile; fileRef = 16F6C09A266D33DE00220E91 /* ContribuyeView.swift */; };
		16F6C0A7266D342A00220E91 /* OrganizationHeader.swift in Sources */ = {isa = PBXBuildFile; fileRef = 16F6C0A6266D342A00220E91 /* OrganizationHeader.swift */; };
		16F6C0AF266D343F00220E91 /* MapView.swift in Sources */ = {isa = PBXBuildFile; fileRef = 16F6C0AE266D343F00220E91 /* MapView.swift */; };
		16F6C0B4266D345100220E91 /* HomeView.swift in Sources */ = {isa = PBXBuildFile; fileRef = 16F6C0B3266D345100220E91 /* HomeView.swift */; };
		16F6C0BA266D348400220E91 /* MainOrganizationView.swift in Sources */ = {isa = PBXBuildFile; fileRef = 16F6C0B9266D348400220E91 /* MainOrganizationView.swift */; };
		16F6C0C0266D349E00220E91 /* LoginView.swift in Sources */ = {isa = PBXBuildFile; fileRef = 16F6C0BF266D349E00220E91 /* LoginView.swift */; };
		16F6C0C5266D356C00220E91 /* NavigationView.swift in Sources */ = {isa = PBXBuildFile; fileRef = 16F6C0C4266D356C00220E91 /* NavigationView.swift */; };
		16F6C0CA266D357D00220E91 /* HomePageView.swift in Sources */ = {isa = PBXBuildFile; fileRef = 16F6C0C9266D357D00220E91 /* HomePageView.swift */; };
		16F6C0D7266D359900220E91 /* OrganizationCardView.swift in Sources */ = {isa = PBXBuildFile; fileRef = 16F6C0D6266D359900220E91 /* OrganizationCardView.swift */; };
		16F6C0DD266D360400220E91 /* JsonPull.swift in Sources */ = {isa = PBXBuildFile; fileRef = 16F6C0DC266D360400220E91 /* JsonPull.swift */; };
		16F6C0E5266D361E00220E91 /* SampleOrganizations.swift in Sources */ = {isa = PBXBuildFile; fileRef = 16F6C0E4266D361E00220E91 /* SampleOrganizations.swift */; };
		92F06D0FB894B3A868224621 /* libPods-RedSolApp-Tests.a in Frameworks */ = {isa = PBXBuildFile; fileRef = A8EEA86712A7488BE28AB49D /* libPods-RedSolApp-Tests.a */; };
		E7A1E67E434FA2E68BBE6AAF /* libPods-RedSolApp.a in Frameworks */ = {isa = PBXBuildFile; fileRef = F56A69021175F7D93E7AF037 /* libPods-RedSolApp.a */; };
/* End PBXBuildFile section */

/* Begin PBXContainerItemProxy section */
		16F6C06D266D336100220E91 /* PBXContainerItemProxy */ = {
			isa = PBXContainerItemProxy;
			containerPortal = 16F6C053266D336000220E91 /* Project object */;
			proxyType = 1;
			remoteGlobalIDString = 16F6C05A266D336000220E91;
			remoteInfo = "RedSolApp-iOS";
		};
		16F6C078266D336100220E91 /* PBXContainerItemProxy */ = {
			isa = PBXContainerItemProxy;
			containerPortal = 16F6C053266D336000220E91 /* Project object */;
			proxyType = 1;
			remoteGlobalIDString = 16F6C05A266D336000220E91;
			remoteInfo = "RedSolApp-iOS";
		};
/* End PBXContainerItemProxy section */

/* Begin PBXFileReference section */
		08F74C6B4931139582743F91 /* Pods-RedSolApp-Tests.debug.xcconfig */ = {isa = PBXFileReference; includeInIndex = 1; lastKnownFileType = text.xcconfig; name = "Pods-RedSolApp-Tests.debug.xcconfig"; path = "Target Support Files/Pods-RedSolApp-Tests/Pods-RedSolApp-Tests.debug.xcconfig"; sourceTree = "<group>"; };
		167D9B0E266EE07100F61BB4 /* schema.json */ = {isa = PBXFileReference; fileEncoding = 4; lastKnownFileType = text.json; path = schema.json; sourceTree = "<group>"; };
		167D9B11266EE47600F61BB4 /* LoadUsedCategories.graphql */ = {isa = PBXFileReference; fileEncoding = 4; lastKnownFileType = text; path = LoadUsedCategories.graphql; sourceTree = "<group>"; };
		16BBB922266F4C46008152C3 /* Network.swift */ = {isa = PBXFileReference; lastKnownFileType = sourcecode.swift; path = Network.swift; sourceTree = "<group>"; };
		16BBB92526709E4D008152C3 /* API.swift */ = {isa = PBXFileReference; fileEncoding = 4; lastKnownFileType = sourcecode.swift; name = API.swift; path = RedSolApp/API.swift; sourceTree = SOURCE_ROOT; };
		16D086D3267412FB00240C0A /* RegisterScreen.swift */ = {isa = PBXFileReference; lastKnownFileType = sourcecode.swift; path = RegisterScreen.swift; sourceTree = "<group>"; };
		16D086D5267416A500240C0A /* SUBRegisterForm.swift */ = {isa = PBXFileReference; lastKnownFileType = sourcecode.swift; path = SUBRegisterForm.swift; sourceTree = "<group>"; };
		16D54794267543920076D7BB /* Roboto-Thin.ttf */ = {isa = PBXFileReference; lastKnownFileType = file; path = "Roboto-Thin.ttf"; sourceTree = "<group>"; };
		16D54795267543920076D7BB /* Roboto-MediumItalic.ttf */ = {isa = PBXFileReference; lastKnownFileType = file; path = "Roboto-MediumItalic.ttf"; sourceTree = "<group>"; };
		16D54796267543930076D7BB /* Roboto-Medium.ttf */ = {isa = PBXFileReference; lastKnownFileType = file; path = "Roboto-Medium.ttf"; sourceTree = "<group>"; };
		16D54797267543930076D7BB /* Roboto-Black.ttf */ = {isa = PBXFileReference; lastKnownFileType = file; path = "Roboto-Black.ttf"; sourceTree = "<group>"; };
		16D54798267543930076D7BB /* Roboto-Bold.ttf */ = {isa = PBXFileReference; lastKnownFileType = file; path = "Roboto-Bold.ttf"; sourceTree = "<group>"; };
		16D54799267543930076D7BB /* Roboto-Italic.ttf */ = {isa = PBXFileReference; lastKnownFileType = file; path = "Roboto-Italic.ttf"; sourceTree = "<group>"; };
		16D5479A267543930076D7BB /* Roboto-BlackItalic.ttf */ = {isa = PBXFileReference; lastKnownFileType = file; path = "Roboto-BlackItalic.ttf"; sourceTree = "<group>"; };
		16D5479B267543930076D7BB /* Roboto-BoldItalic.ttf */ = {isa = PBXFileReference; lastKnownFileType = file; path = "Roboto-BoldItalic.ttf"; sourceTree = "<group>"; };
		16D5479C267543930076D7BB /* Roboto-Light.ttf */ = {isa = PBXFileReference; lastKnownFileType = file; path = "Roboto-Light.ttf"; sourceTree = "<group>"; };
		16D5479D267543930076D7BB /* Roboto-Regular.ttf */ = {isa = PBXFileReference; lastKnownFileType = file; path = "Roboto-Regular.ttf"; sourceTree = "<group>"; };
		16D5479E267543930076D7BB /* Roboto-LightItalic.ttf */ = {isa = PBXFileReference; lastKnownFileType = file; path = "Roboto-LightItalic.ttf"; sourceTree = "<group>"; };
		16D5479F267543930076D7BB /* Roboto-ThinItalic.ttf */ = {isa = PBXFileReference; lastKnownFileType = file; path = "Roboto-ThinItalic.ttf"; sourceTree = "<group>"; };
		16D547AD267548BE0076D7BB /* LICENSE.txt */ = {isa = PBXFileReference; fileEncoding = 4; lastKnownFileType = text; path = LICENSE.txt; sourceTree = "<group>"; };
		16F6C05B266D336000220E91 /* RedSolApp.app */ = {isa = PBXFileReference; explicitFileType = wrapper.application; includeInIndex = 0; path = RedSolApp.app; sourceTree = BUILT_PRODUCTS_DIR; };
		16F6C05E266D336000220E91 /* RedSolApp_iOSApp.swift */ = {isa = PBXFileReference; lastKnownFileType = sourcecode.swift; path = RedSolApp_iOSApp.swift; sourceTree = "<group>"; };
		16F6C062266D336100220E91 /* Assets.xcassets */ = {isa = PBXFileReference; lastKnownFileType = folder.assetcatalog; path = Assets.xcassets; sourceTree = "<group>"; };
		16F6C065266D336100220E91 /* Preview Assets.xcassets */ = {isa = PBXFileReference; lastKnownFileType = folder.assetcatalog; path = "Preview Assets.xcassets"; sourceTree = "<group>"; };
		16F6C067266D336100220E91 /* Info.plist */ = {isa = PBXFileReference; lastKnownFileType = text.plist.xml; path = Info.plist; sourceTree = "<group>"; };
		16F6C06C266D336100220E91 /* RedSolApp-Tests.xctest */ = {isa = PBXFileReference; explicitFileType = wrapper.cfbundle; includeInIndex = 0; path = "RedSolApp-Tests.xctest"; sourceTree = BUILT_PRODUCTS_DIR; };
		16F6C070266D336100220E91 /* RedSolApp_iOSTests.swift */ = {isa = PBXFileReference; lastKnownFileType = sourcecode.swift; path = RedSolApp_iOSTests.swift; sourceTree = "<group>"; };
		16F6C072266D336100220E91 /* Info.plist */ = {isa = PBXFileReference; lastKnownFileType = text.plist.xml; path = Info.plist; sourceTree = "<group>"; };
		16F6C077266D336100220E91 /* RedSolApp-UITests.xctest */ = {isa = PBXFileReference; explicitFileType = wrapper.cfbundle; includeInIndex = 0; path = "RedSolApp-UITests.xctest"; sourceTree = BUILT_PRODUCTS_DIR; };
		16F6C07B266D336100220E91 /* RedSolApp_iOSUITests.swift */ = {isa = PBXFileReference; lastKnownFileType = sourcecode.swift; path = RedSolApp_iOSUITests.swift; sourceTree = "<group>"; };
		16F6C07D266D336100220E91 /* Info.plist */ = {isa = PBXFileReference; lastKnownFileType = text.plist.xml; path = Info.plist; sourceTree = "<group>"; };
		16F6C090266D33BD00220E91 /* OrganizationInfoView.swift */ = {isa = PBXFileReference; lastKnownFileType = sourcecode.swift; path = OrganizationInfoView.swift; sourceTree = "<group>"; };
		16F6C095266D33D100220E91 /* ServicesView.swift */ = {isa = PBXFileReference; lastKnownFileType = sourcecode.swift; path = ServicesView.swift; sourceTree = "<group>"; };
		16F6C09A266D33DE00220E91 /* ContribuyeView.swift */ = {isa = PBXFileReference; lastKnownFileType = sourcecode.swift; path = ContribuyeView.swift; sourceTree = "<group>"; };
		16F6C0A6266D342A00220E91 /* OrganizationHeader.swift */ = {isa = PBXFileReference; lastKnownFileType = sourcecode.swift; path = OrganizationHeader.swift; sourceTree = "<group>"; };
		16F6C0AE266D343F00220E91 /* MapView.swift */ = {isa = PBXFileReference; lastKnownFileType = sourcecode.swift; path = MapView.swift; sourceTree = "<group>"; };
		16F6C0B3266D345100220E91 /* HomeView.swift */ = {isa = PBXFileReference; lastKnownFileType = sourcecode.swift; path = HomeView.swift; sourceTree = "<group>"; };
		16F6C0B9266D348400220E91 /* MainOrganizationView.swift */ = {isa = PBXFileReference; lastKnownFileType = sourcecode.swift; path = MainOrganizationView.swift; sourceTree = "<group>"; };
		16F6C0BF266D349E00220E91 /* LoginView.swift */ = {isa = PBXFileReference; lastKnownFileType = sourcecode.swift; path = LoginView.swift; sourceTree = "<group>"; };
		16F6C0C4266D356C00220E91 /* NavigationView.swift */ = {isa = PBXFileReference; lastKnownFileType = sourcecode.swift; path = NavigationView.swift; sourceTree = "<group>"; };
		16F6C0C9266D357D00220E91 /* HomePageView.swift */ = {isa = PBXFileReference; lastKnownFileType = sourcecode.swift; path = HomePageView.swift; sourceTree = "<group>"; };
		16F6C0D6266D359900220E91 /* OrganizationCardView.swift */ = {isa = PBXFileReference; lastKnownFileType = sourcecode.swift; path = OrganizationCardView.swift; sourceTree = "<group>"; };
		16F6C0DC266D360400220E91 /* JsonPull.swift */ = {isa = PBXFileReference; lastKnownFileType = sourcecode.swift; path = JsonPull.swift; sourceTree = "<group>"; };
		16F6C0E4266D361E00220E91 /* SampleOrganizations.swift */ = {isa = PBXFileReference; lastKnownFileType = sourcecode.swift; path = SampleOrganizations.swift; sourceTree = "<group>"; };
		2787F948F7ED6642EDE621D7 /* Pods-RedSolApp.debug.xcconfig */ = {isa = PBXFileReference; includeInIndex = 1; lastKnownFileType = text.xcconfig; name = "Pods-RedSolApp.debug.xcconfig"; path = "Target Support Files/Pods-RedSolApp/Pods-RedSolApp.debug.xcconfig"; sourceTree = "<group>"; };
		5AAA4E0F1E8BFA71A5BB2A1B /* libPods-RedSolApp-UITests.a */ = {isa = PBXFileReference; explicitFileType = archive.ar; includeInIndex = 0; path = "libPods-RedSolApp-UITests.a"; sourceTree = BUILT_PRODUCTS_DIR; };
		7F11BF7A6DD85126500C52FE /* Pods-RedSolApp-UITests.debug.xcconfig */ = {isa = PBXFileReference; includeInIndex = 1; lastKnownFileType = text.xcconfig; name = "Pods-RedSolApp-UITests.debug.xcconfig"; path = "Target Support Files/Pods-RedSolApp-UITests/Pods-RedSolApp-UITests.debug.xcconfig"; sourceTree = "<group>"; };
		A8EEA86712A7488BE28AB49D /* libPods-RedSolApp-Tests.a */ = {isa = PBXFileReference; explicitFileType = archive.ar; includeInIndex = 0; path = "libPods-RedSolApp-Tests.a"; sourceTree = BUILT_PRODUCTS_DIR; };
		BEBD38551C20D781CBAF6AA5 /* Pods-RedSolApp.release.xcconfig */ = {isa = PBXFileReference; includeInIndex = 1; lastKnownFileType = text.xcconfig; name = "Pods-RedSolApp.release.xcconfig"; path = "Target Support Files/Pods-RedSolApp/Pods-RedSolApp.release.xcconfig"; sourceTree = "<group>"; };
		D658B7DDC6173D94282B6980 /* Pods-RedSolApp-Tests.release.xcconfig */ = {isa = PBXFileReference; includeInIndex = 1; lastKnownFileType = text.xcconfig; name = "Pods-RedSolApp-Tests.release.xcconfig"; path = "Target Support Files/Pods-RedSolApp-Tests/Pods-RedSolApp-Tests.release.xcconfig"; sourceTree = "<group>"; };
		EE757395D2BC2D19C48CDE13 /* Pods-RedSolApp-UITests.release.xcconfig */ = {isa = PBXFileReference; includeInIndex = 1; lastKnownFileType = text.xcconfig; name = "Pods-RedSolApp-UITests.release.xcconfig"; path = "Target Support Files/Pods-RedSolApp-UITests/Pods-RedSolApp-UITests.release.xcconfig"; sourceTree = "<group>"; };
		F56A69021175F7D93E7AF037 /* libPods-RedSolApp.a */ = {isa = PBXFileReference; explicitFileType = archive.ar; includeInIndex = 0; path = "libPods-RedSolApp.a"; sourceTree = BUILT_PRODUCTS_DIR; };
/* End PBXFileReference section */

/* Begin PBXFrameworksBuildPhase section */
		16F6C058266D336000220E91 /* Frameworks */ = {
			isa = PBXFrameworksBuildPhase;
			buildActionMask = 2147483647;
			files = (
				E7A1E67E434FA2E68BBE6AAF /* libPods-RedSolApp.a in Frameworks */,
			);
			runOnlyForDeploymentPostprocessing = 0;
		};
		16F6C069266D336100220E91 /* Frameworks */ = {
			isa = PBXFrameworksBuildPhase;
			buildActionMask = 2147483647;
			files = (
				92F06D0FB894B3A868224621 /* libPods-RedSolApp-Tests.a in Frameworks */,
			);
			runOnlyForDeploymentPostprocessing = 0;
		};
		16F6C074266D336100220E91 /* Frameworks */ = {
			isa = PBXFrameworksBuildPhase;
			buildActionMask = 2147483647;
			files = (
				10B9A1F4960D0F45D8C0430A /* libPods-RedSolApp-UITests.a in Frameworks */,
			);
			runOnlyForDeploymentPostprocessing = 0;
		};
/* End PBXFrameworksBuildPhase section */

/* Begin PBXGroup section */
		06A5A03B0372E10EFA672A44 /* Frameworks */ = {
			isa = PBXGroup;
			children = (
				F56A69021175F7D93E7AF037 /* libPods-RedSolApp.a */,
				A8EEA86712A7488BE28AB49D /* libPods-RedSolApp-Tests.a */,
				5AAA4E0F1E8BFA71A5BB2A1B /* libPods-RedSolApp-UITests.a */,
			);
			name = Frameworks;
			sourceTree = "<group>";
		};
		167D9B10266EE41700F61BB4 /* GraphQLQueries */ = {
			isa = PBXGroup;
			children = (
				16BBB92526709E4D008152C3 /* API.swift */,
				167D9B11266EE47600F61BB4 /* LoadUsedCategories.graphql */,
				16BBB922266F4C46008152C3 /* Network.swift */,
			);
			path = GraphQLQueries;
			sourceTree = "<group>";
		};
		16BBB924266F5194008152C3 /* UIViewFramework */ = {
			isa = PBXGroup;
			children = (
				16F6C05E266D336000220E91 /* RedSolApp_iOSApp.swift */,
			);
			path = UIViewFramework;
			sourceTree = "<group>";
		};
		16D547A02675439C0076D7BB /* Fonts */ = {
			isa = PBXGroup;
			children = (
				16D547AD267548BE0076D7BB /* LICENSE.txt */,
				16D54797267543930076D7BB /* Roboto-Black.ttf */,
				16D5479A267543930076D7BB /* Roboto-BlackItalic.ttf */,
				16D54798267543930076D7BB /* Roboto-Bold.ttf */,
				16D5479B267543930076D7BB /* Roboto-BoldItalic.ttf */,
				16D54799267543930076D7BB /* Roboto-Italic.ttf */,
				16D5479C267543930076D7BB /* Roboto-Light.ttf */,
				16D5479E267543930076D7BB /* Roboto-LightItalic.ttf */,
				16D54796267543930076D7BB /* Roboto-Medium.ttf */,
				16D54795267543920076D7BB /* Roboto-MediumItalic.ttf */,
				16D5479D267543930076D7BB /* Roboto-Regular.ttf */,
				16D54794267543920076D7BB /* Roboto-Thin.ttf */,
				16D5479F267543930076D7BB /* Roboto-ThinItalic.ttf */,
			);
			path = Fonts;
			sourceTree = "<group>";
		};
		16F6C052266D336000220E91 = {
			isa = PBXGroup;
			children = (
				16F6C05D266D336000220E91 /* RedSolApp */,
				16F6C06F266D336100220E91 /* RedSolApp-Tests */,
				16F6C07A266D336100220E91 /* RedSolApp-UITTests */,
				16F6C05C266D336000220E91 /* Products */,
				C6FD5E8D06E81048E06E494D /* Pods */,
				06A5A03B0372E10EFA672A44 /* Frameworks */,
			);
			sourceTree = "<group>";
		};
		16F6C05C266D336000220E91 /* Products */ = {
			isa = PBXGroup;
			children = (
				16F6C05B266D336000220E91 /* RedSolApp.app */,
				16F6C06C266D336100220E91 /* RedSolApp-Tests.xctest */,
				16F6C077266D336100220E91 /* RedSolApp-UITests.xctest */,
			);
			name = Products;
			sourceTree = "<group>";
		};
		16F6C05D266D336000220E91 /* RedSolApp */ = {
			isa = PBXGroup;
			children = (
				167D9B10266EE41700F61BB4 /* GraphQLQueries */,
				16F6C0DB266D35F700220E91 /* Databases */,
				16BBB924266F5194008152C3 /* UIViewFramework */,
				16F6C0BE266D348E00220E91 /* UIViews */,
				16F6C0A2266D33FE00220E91 /* TabPages */,
				16F6C08F266D33A700220E91 /* TabbedViews */,
				16F6C062266D336100220E91 /* Assets.xcassets */,
				16F6C067266D336100220E91 /* Info.plist */,
				16F6C064266D336100220E91 /* Preview Content */,
			);
			path = RedSolApp;
			sourceTree = "<group>";
		};
		16F6C064266D336100220E91 /* Preview Content */ = {
			isa = PBXGroup;
			children = (
				16F6C065266D336100220E91 /* Preview Assets.xcassets */,
			);
			path = "Preview Content";
			sourceTree = "<group>";
		};
		16F6C06F266D336100220E91 /* RedSolApp-Tests */ = {
			isa = PBXGroup;
			children = (
				16F6C070266D336100220E91 /* RedSolApp_iOSTests.swift */,
				16F6C072266D336100220E91 /* Info.plist */,
			);
			path = "RedSolApp-Tests";
			sourceTree = "<group>";
		};
		16F6C07A266D336100220E91 /* RedSolApp-UITTests */ = {
			isa = PBXGroup;
			children = (
				16F6C07B266D336100220E91 /* RedSolApp_iOSUITests.swift */,
				16F6C07D266D336100220E91 /* Info.plist */,
			);
			path = "RedSolApp-UITTests";
			sourceTree = "<group>";
		};
		16F6C08F266D33A700220E91 /* TabbedViews */ = {
			isa = PBXGroup;
			children = (
				16F6C090266D33BD00220E91 /* OrganizationInfoView.swift */,
				16F6C095266D33D100220E91 /* ServicesView.swift */,
				16F6C09A266D33DE00220E91 /* ContribuyeView.swift */,
			);
			path = TabbedViews;
			sourceTree = "<group>";
		};
		16F6C0A2266D33FE00220E91 /* TabPages */ = {
			isa = PBXGroup;
			children = (
				16F6C0A6266D342A00220E91 /* OrganizationHeader.swift */,
				16F6C0AE266D343F00220E91 /* MapView.swift */,
				16F6C0B3266D345100220E91 /* HomeView.swift */,
				16F6C0B9266D348400220E91 /* MainOrganizationView.swift */,
			);
			path = TabPages;
			sourceTree = "<group>";
		};
		16F6C0BE266D348E00220E91 /* UIViews */ = {
			isa = PBXGroup;
			children = (
				16F6C0BF266D349E00220E91 /* LoginView.swift */,
				16D086D3267412FB00240C0A /* RegisterScreen.swift */,
				16D086D5267416A500240C0A /* SUBRegisterForm.swift */,
				16F6C0C4266D356C00220E91 /* NavigationView.swift */,
				16F6C0C9266D357D00220E91 /* HomePageView.swift */,
				16F6C0D6266D359900220E91 /* OrganizationCardView.swift */,
			);
			path = UIViews;
			sourceTree = "<group>";
		};
		16F6C0DB266D35F700220E91 /* Databases */ = {
			isa = PBXGroup;
			children = (
				16D547A02675439C0076D7BB /* Fonts */,
				167D9B0E266EE07100F61BB4 /* schema.json */,
				16F6C0DC266D360400220E91 /* JsonPull.swift */,
				16F6C0E4266D361E00220E91 /* SampleOrganizations.swift */,
			);
			path = Databases;
			sourceTree = "<group>";
		};
		C6FD5E8D06E81048E06E494D /* Pods */ = {
			isa = PBXGroup;
			children = (
				2787F948F7ED6642EDE621D7 /* Pods-RedSolApp.debug.xcconfig */,
				BEBD38551C20D781CBAF6AA5 /* Pods-RedSolApp.release.xcconfig */,
				08F74C6B4931139582743F91 /* Pods-RedSolApp-Tests.debug.xcconfig */,
				D658B7DDC6173D94282B6980 /* Pods-RedSolApp-Tests.release.xcconfig */,
				7F11BF7A6DD85126500C52FE /* Pods-RedSolApp-UITests.debug.xcconfig */,
				EE757395D2BC2D19C48CDE13 /* Pods-RedSolApp-UITests.release.xcconfig */,
			);
			path = Pods;
			sourceTree = "<group>";
		};
/* End PBXGroup section */

/* Begin PBXNativeTarget section */
		16F6C05A266D336000220E91 /* RedSolApp */ = {
			isa = PBXNativeTarget;
			buildConfigurationList = 16F6C080266D336100220E91 /* Build configuration list for PBXNativeTarget "RedSolApp" */;
			buildPhases = (
				B0DC65BBA3E9180D6CE94A22 /* [CP] Check Pods Manifest.lock */,
				167D9B13266EE5A700F61BB4 /* Generate Apollo GraphQL API */,
				16F6C057266D336000220E91 /* Sources */,
				16F6C058266D336000220E91 /* Frameworks */,
				16F6C059266D336000220E91 /* Resources */,
			);
			buildRules = (
			);
			dependencies = (
			);
			name = RedSolApp;
			productName = "RedSolApp-iOS";
			productReference = 16F6C05B266D336000220E91 /* RedSolApp.app */;
			productType = "com.apple.product-type.application";
		};
		16F6C06B266D336100220E91 /* RedSolApp-Tests */ = {
			isa = PBXNativeTarget;
			buildConfigurationList = 16F6C083266D336100220E91 /* Build configuration list for PBXNativeTarget "RedSolApp-Tests" */;
			buildPhases = (
				D918816258472D0DE505136F /* [CP] Check Pods Manifest.lock */,
				16F6C068266D336100220E91 /* Sources */,
				16F6C069266D336100220E91 /* Frameworks */,
				16F6C06A266D336100220E91 /* Resources */,
			);
			buildRules = (
			);
			dependencies = (
				16F6C06E266D336100220E91 /* PBXTargetDependency */,
			);
			name = "RedSolApp-Tests";
			productName = "RedSolApp-iOSTests";
			productReference = 16F6C06C266D336100220E91 /* RedSolApp-Tests.xctest */;
			productType = "com.apple.product-type.bundle.unit-test";
		};
		16F6C076266D336100220E91 /* RedSolApp-UITests */ = {
			isa = PBXNativeTarget;
			buildConfigurationList = 16F6C086266D336100220E91 /* Build configuration list for PBXNativeTarget "RedSolApp-UITests" */;
			buildPhases = (
				995B0962122679603ADB7B33 /* [CP] Check Pods Manifest.lock */,
				16F6C073266D336100220E91 /* Sources */,
				16F6C074266D336100220E91 /* Frameworks */,
				16F6C075266D336100220E91 /* Resources */,
			);
			buildRules = (
			);
			dependencies = (
				16F6C079266D336100220E91 /* PBXTargetDependency */,
			);
			name = "RedSolApp-UITests";
			productName = "RedSolApp-iOSUITests";
			productReference = 16F6C077266D336100220E91 /* RedSolApp-UITests.xctest */;
			productType = "com.apple.product-type.bundle.ui-testing";
		};
/* End PBXNativeTarget section */

/* Begin PBXProject section */
		16F6C053266D336000220E91 /* Project object */ = {
			isa = PBXProject;
			attributes = {
				LastSwiftUpdateCheck = 1240;
				LastUpgradeCheck = 1240;
				TargetAttributes = {
					16F6C05A266D336000220E91 = {
						CreatedOnToolsVersion = 12.4;
					};
					16F6C06B266D336100220E91 = {
						CreatedOnToolsVersion = 12.4;
						TestTargetID = 16F6C05A266D336000220E91;
					};
					16F6C076266D336100220E91 = {
						CreatedOnToolsVersion = 12.4;
						TestTargetID = 16F6C05A266D336000220E91;
					};
				};
			};
			buildConfigurationList = 16F6C056266D336000220E91 /* Build configuration list for PBXProject "RedSolApp" */;
			compatibilityVersion = "Xcode 9.3";
			developmentRegion = en;
			hasScannedForEncodings = 0;
			knownRegions = (
				en,
				Base,
			);
			mainGroup = 16F6C052266D336000220E91;
			productRefGroup = 16F6C05C266D336000220E91 /* Products */;
			projectDirPath = "";
			projectRoot = "";
			targets = (
				16F6C05A266D336000220E91 /* RedSolApp */,
				16F6C06B266D336100220E91 /* RedSolApp-Tests */,
				16F6C076266D336100220E91 /* RedSolApp-UITests */,
			);
		};
/* End PBXProject section */

/* Begin PBXResourcesBuildPhase section */
		16F6C059266D336000220E91 /* Resources */ = {
			isa = PBXResourcesBuildPhase;
			buildActionMask = 2147483647;
			files = (
				16D547AC267543A60076D7BB /* Roboto-ThinItalic.ttf in Resources */,
				16D547AB267543A60076D7BB /* Roboto-Bold.ttf in Resources */,
				16D547A7267543A60076D7BB /* Roboto-Medium.ttf in Resources */,
				16D547A5267543A60076D7BB /* Roboto-Thin.ttf in Resources */,
				16D547A9267543A60076D7BB /* Roboto-LightItalic.ttf in Resources */,
				16F6C066266D336100220E91 /* Preview Assets.xcassets in Resources */,
				16D547A3267543A60076D7BB /* Roboto-Italic.ttf in Resources */,
				167D9B12266EE47600F61BB4 /* LoadUsedCategories.graphql in Resources */,
				16D547A8267543A60076D7BB /* Roboto-Black.ttf in Resources */,
				16D547A6267543A60076D7BB /* Roboto-BlackItalic.ttf in Resources */,
				16D547A2267543A60076D7BB /* Roboto-Light.ttf in Resources */,
				16D547A4267543A60076D7BB /* Roboto-MediumItalic.ttf in Resources */,
				16D547AE267548BE0076D7BB /* LICENSE.txt in Resources */,
				16D547AA267543A60076D7BB /* Roboto-Regular.ttf in Resources */,
				16D547A1267543A60076D7BB /* Roboto-BoldItalic.ttf in Resources */,
				16F6C063266D336100220E91 /* Assets.xcassets in Resources */,
			);
			runOnlyForDeploymentPostprocessing = 0;
		};
		16F6C06A266D336100220E91 /* Resources */ = {
			isa = PBXResourcesBuildPhase;
			buildActionMask = 2147483647;
			files = (
			);
			runOnlyForDeploymentPostprocessing = 0;
		};
		16F6C075266D336100220E91 /* Resources */ = {
			isa = PBXResourcesBuildPhase;
			buildActionMask = 2147483647;
			files = (
			);
			runOnlyForDeploymentPostprocessing = 0;
		};
/* End PBXResourcesBuildPhase section */

/* Begin PBXShellScriptBuildPhase section */
		167D9B13266EE5A700F61BB4 /* Generate Apollo GraphQL API */ = {
			isa = PBXShellScriptBuildPhase;
			buildActionMask = 2147483647;
			files = (
			);
			inputFileListPaths = (
			);
			inputPaths = (
				"$(SRCROOT)/RedSolApp/**/*.graphql",
			);
			name = "Generate Apollo GraphQL API";
			outputFileListPaths = (
			);
			outputPaths = (
				"$(SRCROOT)/RedSolApp/API.swift",
			);
			runOnlyForDeploymentPostprocessing = 0;
			shellPath = /bin/sh;
			shellScript = "SCRIPT_PATH=\"${PODS_ROOT}/Apollo/scripts\"\n\ncd \"${SRCROOT}/${TARGET_NAME}\"\n\"${SCRIPT_PATH}\"/run-bundled-codegen.sh codegen:generate --target=swift --includes=./**/*.graphql --localSchemaFile=\"Databases/schema.json\" API.swift\n";
		};
		995B0962122679603ADB7B33 /* [CP] Check Pods Manifest.lock */ = {
			isa = PBXShellScriptBuildPhase;
			buildActionMask = 2147483647;
			files = (
			);
			inputFileListPaths = (
			);
			inputPaths = (
				"${PODS_PODFILE_DIR_PATH}/Podfile.lock",
				"${PODS_ROOT}/Manifest.lock",
			);
			name = "[CP] Check Pods Manifest.lock";
			outputFileListPaths = (
			);
			outputPaths = (
				"$(DERIVED_FILE_DIR)/Pods-RedSolApp-UITests-checkManifestLockResult.txt",
			);
			runOnlyForDeploymentPostprocessing = 0;
			shellPath = /bin/sh;
			shellScript = "diff \"${PODS_PODFILE_DIR_PATH}/Podfile.lock\" \"${PODS_ROOT}/Manifest.lock\" > /dev/null\nif [ $? != 0 ] ; then\n    # print error to STDERR\n    echo \"error: The sandbox is not in sync with the Podfile.lock. Run 'pod install' or update your CocoaPods installation.\" >&2\n    exit 1\nfi\n# This output is used by Xcode 'outputs' to avoid re-running this script phase.\necho \"SUCCESS\" > \"${SCRIPT_OUTPUT_FILE_0}\"\n";
			showEnvVarsInLog = 0;
		};
		B0DC65BBA3E9180D6CE94A22 /* [CP] Check Pods Manifest.lock */ = {
			isa = PBXShellScriptBuildPhase;
			buildActionMask = 2147483647;
			files = (
			);
			inputFileListPaths = (
			);
			inputPaths = (
				"${PODS_PODFILE_DIR_PATH}/Podfile.lock",
				"${PODS_ROOT}/Manifest.lock",
			);
			name = "[CP] Check Pods Manifest.lock";
			outputFileListPaths = (
			);
			outputPaths = (
				"$(DERIVED_FILE_DIR)/Pods-RedSolApp-checkManifestLockResult.txt",
			);
			runOnlyForDeploymentPostprocessing = 0;
			shellPath = /bin/sh;
			shellScript = "diff \"${PODS_PODFILE_DIR_PATH}/Podfile.lock\" \"${PODS_ROOT}/Manifest.lock\" > /dev/null\nif [ $? != 0 ] ; then\n    # print error to STDERR\n    echo \"error: The sandbox is not in sync with the Podfile.lock. Run 'pod install' or update your CocoaPods installation.\" >&2\n    exit 1\nfi\n# This output is used by Xcode 'outputs' to avoid re-running this script phase.\necho \"SUCCESS\" > \"${SCRIPT_OUTPUT_FILE_0}\"\n";
			showEnvVarsInLog = 0;
		};
		D918816258472D0DE505136F /* [CP] Check Pods Manifest.lock */ = {
			isa = PBXShellScriptBuildPhase;
			buildActionMask = 2147483647;
			files = (
			);
			inputFileListPaths = (
			);
			inputPaths = (
				"${PODS_PODFILE_DIR_PATH}/Podfile.lock",
				"${PODS_ROOT}/Manifest.lock",
			);
			name = "[CP] Check Pods Manifest.lock";
			outputFileListPaths = (
			);
			outputPaths = (
				"$(DERIVED_FILE_DIR)/Pods-RedSolApp-Tests-checkManifestLockResult.txt",
			);
			runOnlyForDeploymentPostprocessing = 0;
			shellPath = /bin/sh;
			shellScript = "diff \"${PODS_PODFILE_DIR_PATH}/Podfile.lock\" \"${PODS_ROOT}/Manifest.lock\" > /dev/null\nif [ $? != 0 ] ; then\n    # print error to STDERR\n    echo \"error: The sandbox is not in sync with the Podfile.lock. Run 'pod install' or update your CocoaPods installation.\" >&2\n    exit 1\nfi\n# This output is used by Xcode 'outputs' to avoid re-running this script phase.\necho \"SUCCESS\" > \"${SCRIPT_OUTPUT_FILE_0}\"\n";
			showEnvVarsInLog = 0;
		};
/* End PBXShellScriptBuildPhase section */

/* Begin PBXSourcesBuildPhase section */
		16F6C057266D336000220E91 /* Sources */ = {
			isa = PBXSourcesBuildPhase;
			buildActionMask = 2147483647;
			files = (
				16F6C0A7266D342A00220E91 /* OrganizationHeader.swift in Sources */,
				16F6C0C5266D356C00220E91 /* NavigationView.swift in Sources */,
				16F6C0E5266D361E00220E91 /* SampleOrganizations.swift in Sources */,
				16F6C0BA266D348400220E91 /* MainOrganizationView.swift in Sources */,
				16D086D4267412FB00240C0A /* RegisterScreen.swift in Sources */,
				16D086D6267416A500240C0A /* SUBRegisterForm.swift in Sources */,
				16F6C096266D33D100220E91 /* ServicesView.swift in Sources */,
				16F6C0C0266D349E00220E91 /* LoginView.swift in Sources */,
				16F6C0D7266D359900220E91 /* OrganizationCardView.swift in Sources */,
				16BBB923266F4C46008152C3 /* Network.swift in Sources */,
				16F6C05F266D336000220E91 /* RedSolApp_iOSApp.swift in Sources */,
				16F6C09B266D33DE00220E91 /* ContribuyeView.swift in Sources */,
				16F6C0CA266D357D00220E91 /* HomePageView.swift in Sources */,
				16F6C0AF266D343F00220E91 /* MapView.swift in Sources */,
				16F6C0DD266D360400220E91 /* JsonPull.swift in Sources */,
				16F6C091266D33BD00220E91 /* OrganizationInfoView.swift in Sources */,
				16BBB92626709E4D008152C3 /* API.swift in Sources */,
				16F6C0B4266D345100220E91 /* HomeView.swift in Sources */,
			);
			runOnlyForDeploymentPostprocessing = 0;
		};
		16F6C068266D336100220E91 /* Sources */ = {
			isa = PBXSourcesBuildPhase;
			buildActionMask = 2147483647;
			files = (
				16F6C071266D336100220E91 /* RedSolApp_iOSTests.swift in Sources */,
			);
			runOnlyForDeploymentPostprocessing = 0;
		};
		16F6C073266D336100220E91 /* Sources */ = {
			isa = PBXSourcesBuildPhase;
			buildActionMask = 2147483647;
			files = (
				16F6C07C266D336100220E91 /* RedSolApp_iOSUITests.swift in Sources */,
			);
			runOnlyForDeploymentPostprocessing = 0;
		};
/* End PBXSourcesBuildPhase section */

/* Begin PBXTargetDependency section */
		16F6C06E266D336100220E91 /* PBXTargetDependency */ = {
			isa = PBXTargetDependency;
			target = 16F6C05A266D336000220E91 /* RedSolApp */;
			targetProxy = 16F6C06D266D336100220E91 /* PBXContainerItemProxy */;
		};
		16F6C079266D336100220E91 /* PBXTargetDependency */ = {
			isa = PBXTargetDependency;
			target = 16F6C05A266D336000220E91 /* RedSolApp */;
			targetProxy = 16F6C078266D336100220E91 /* PBXContainerItemProxy */;
		};
/* End PBXTargetDependency section */

/* Begin XCBuildConfiguration section */
		16F6C07E266D336100220E91 /* Debug */ = {
			isa = XCBuildConfiguration;
			buildSettings = {
				ALWAYS_SEARCH_USER_PATHS = NO;
				CLANG_ANALYZER_NONNULL = YES;
				CLANG_ANALYZER_NUMBER_OBJECT_CONVERSION = YES_AGGRESSIVE;
				CLANG_CXX_LANGUAGE_STANDARD = "gnu++14";
				CLANG_CXX_LIBRARY = "libc++";
				CLANG_ENABLE_MODULES = YES;
				CLANG_ENABLE_OBJC_ARC = YES;
				CLANG_ENABLE_OBJC_WEAK = YES;
				CLANG_WARN_BLOCK_CAPTURE_AUTORELEASING = YES;
				CLANG_WARN_BOOL_CONVERSION = YES;
				CLANG_WARN_COMMA = YES;
				CLANG_WARN_CONSTANT_CONVERSION = YES;
				CLANG_WARN_DEPRECATED_OBJC_IMPLEMENTATIONS = YES;
				CLANG_WARN_DIRECT_OBJC_ISA_USAGE = YES_ERROR;
				CLANG_WARN_DOCUMENTATION_COMMENTS = YES;
				CLANG_WARN_EMPTY_BODY = YES;
				CLANG_WARN_ENUM_CONVERSION = YES;
				CLANG_WARN_INFINITE_RECURSION = YES;
				CLANG_WARN_INT_CONVERSION = YES;
				CLANG_WARN_NON_LITERAL_NULL_CONVERSION = YES;
				CLANG_WARN_OBJC_IMPLICIT_RETAIN_SELF = YES;
				CLANG_WARN_OBJC_LITERAL_CONVERSION = YES;
				CLANG_WARN_OBJC_ROOT_CLASS = YES_ERROR;
				CLANG_WARN_QUOTED_INCLUDE_IN_FRAMEWORK_HEADER = YES;
				CLANG_WARN_RANGE_LOOP_ANALYSIS = YES;
				CLANG_WARN_STRICT_PROTOTYPES = YES;
				CLANG_WARN_SUSPICIOUS_MOVE = YES;
				CLANG_WARN_UNGUARDED_AVAILABILITY = YES_AGGRESSIVE;
				CLANG_WARN_UNREACHABLE_CODE = YES;
				CLANG_WARN__DUPLICATE_METHOD_MATCH = YES;
				COPY_PHASE_STRIP = NO;
				DEBUG_INFORMATION_FORMAT = dwarf;
				ENABLE_STRICT_OBJC_MSGSEND = YES;
				ENABLE_TESTABILITY = YES;
				GCC_C_LANGUAGE_STANDARD = gnu11;
				GCC_DYNAMIC_NO_PIC = NO;
				GCC_NO_COMMON_BLOCKS = YES;
				GCC_OPTIMIZATION_LEVEL = 0;
				GCC_PREPROCESSOR_DEFINITIONS = (
					"DEBUG=1",
					"$(inherited)",
				);
				GCC_WARN_64_TO_32_BIT_CONVERSION = YES;
				GCC_WARN_ABOUT_RETURN_TYPE = YES_ERROR;
				GCC_WARN_UNDECLARED_SELECTOR = YES;
				GCC_WARN_UNINITIALIZED_AUTOS = YES_AGGRESSIVE;
				GCC_WARN_UNUSED_FUNCTION = YES;
				GCC_WARN_UNUSED_VARIABLE = YES;
				IPHONEOS_DEPLOYMENT_TARGET = 14.4;
				MTL_ENABLE_DEBUG_INFO = INCLUDE_SOURCE;
				MTL_FAST_MATH = YES;
				ONLY_ACTIVE_ARCH = YES;
				SDKROOT = iphoneos;
				SWIFT_ACTIVE_COMPILATION_CONDITIONS = DEBUG;
				SWIFT_OPTIMIZATION_LEVEL = "-Onone";
			};
			name = Debug;
		};
		16F6C07F266D336100220E91 /* Release */ = {
			isa = XCBuildConfiguration;
			buildSettings = {
				ALWAYS_SEARCH_USER_PATHS = NO;
				CLANG_ANALYZER_NONNULL = YES;
				CLANG_ANALYZER_NUMBER_OBJECT_CONVERSION = YES_AGGRESSIVE;
				CLANG_CXX_LANGUAGE_STANDARD = "gnu++14";
				CLANG_CXX_LIBRARY = "libc++";
				CLANG_ENABLE_MODULES = YES;
				CLANG_ENABLE_OBJC_ARC = YES;
				CLANG_ENABLE_OBJC_WEAK = YES;
				CLANG_WARN_BLOCK_CAPTURE_AUTORELEASING = YES;
				CLANG_WARN_BOOL_CONVERSION = YES;
				CLANG_WARN_COMMA = YES;
				CLANG_WARN_CONSTANT_CONVERSION = YES;
				CLANG_WARN_DEPRECATED_OBJC_IMPLEMENTATIONS = YES;
				CLANG_WARN_DIRECT_OBJC_ISA_USAGE = YES_ERROR;
				CLANG_WARN_DOCUMENTATION_COMMENTS = YES;
				CLANG_WARN_EMPTY_BODY = YES;
				CLANG_WARN_ENUM_CONVERSION = YES;
				CLANG_WARN_INFINITE_RECURSION = YES;
				CLANG_WARN_INT_CONVERSION = YES;
				CLANG_WARN_NON_LITERAL_NULL_CONVERSION = YES;
				CLANG_WARN_OBJC_IMPLICIT_RETAIN_SELF = YES;
				CLANG_WARN_OBJC_LITERAL_CONVERSION = YES;
				CLANG_WARN_OBJC_ROOT_CLASS = YES_ERROR;
				CLANG_WARN_QUOTED_INCLUDE_IN_FRAMEWORK_HEADER = YES;
				CLANG_WARN_RANGE_LOOP_ANALYSIS = YES;
				CLANG_WARN_STRICT_PROTOTYPES = YES;
				CLANG_WARN_SUSPICIOUS_MOVE = YES;
				CLANG_WARN_UNGUARDED_AVAILABILITY = YES_AGGRESSIVE;
				CLANG_WARN_UNREACHABLE_CODE = YES;
				CLANG_WARN__DUPLICATE_METHOD_MATCH = YES;
				COPY_PHASE_STRIP = NO;
				DEBUG_INFORMATION_FORMAT = "dwarf-with-dsym";
				ENABLE_NS_ASSERTIONS = NO;
				ENABLE_STRICT_OBJC_MSGSEND = YES;
				GCC_C_LANGUAGE_STANDARD = gnu11;
				GCC_NO_COMMON_BLOCKS = YES;
				GCC_WARN_64_TO_32_BIT_CONVERSION = YES;
				GCC_WARN_ABOUT_RETURN_TYPE = YES_ERROR;
				GCC_WARN_UNDECLARED_SELECTOR = YES;
				GCC_WARN_UNINITIALIZED_AUTOS = YES_AGGRESSIVE;
				GCC_WARN_UNUSED_FUNCTION = YES;
				GCC_WARN_UNUSED_VARIABLE = YES;
				IPHONEOS_DEPLOYMENT_TARGET = 14.4;
				MTL_ENABLE_DEBUG_INFO = NO;
				MTL_FAST_MATH = YES;
				SDKROOT = iphoneos;
				SWIFT_COMPILATION_MODE = wholemodule;
				SWIFT_OPTIMIZATION_LEVEL = "-O";
				VALIDATE_PRODUCT = YES;
			};
			name = Release;
		};
		16F6C081266D336100220E91 /* Debug */ = {
			isa = XCBuildConfiguration;
			baseConfigurationReference = 2787F948F7ED6642EDE621D7 /* Pods-RedSolApp.debug.xcconfig */;
			buildSettings = {
				ASSETCATALOG_COMPILER_APPICON_NAME = AppIcon;
				ASSETCATALOG_COMPILER_GLOBAL_ACCENT_COLOR_NAME = AccentColor;
				CODE_SIGN_STYLE = Automatic;
				DEVELOPMENT_ASSET_PATHS = "\"RedSolApp/Preview Content\"";
				DEVELOPMENT_TEAM = 3ZVXV95L56;
				ENABLE_PREVIEWS = YES;
				INFOPLIST_FILE = RedSolApp/Info.plist;
				IPHONEOS_DEPLOYMENT_TARGET = 14.0;
				LD_RUNPATH_SEARCH_PATHS = (
					"$(inherited)",
					"@executable_path/Frameworks",
				);
				PRODUCT_BUNDLE_IDENTIFIER = com.AshleyRaigosa.RedSolApp;
				PRODUCT_NAME = "$(TARGET_NAME)";
				SWIFT_VERSION = 5.0;
				TARGETED_DEVICE_FAMILY = "1,2";
			};
			name = Debug;
		};
		16F6C082266D336100220E91 /* Release */ = {
			isa = XCBuildConfiguration;
			baseConfigurationReference = BEBD38551C20D781CBAF6AA5 /* Pods-RedSolApp.release.xcconfig */;
			buildSettings = {
				ASSETCATALOG_COMPILER_APPICON_NAME = AppIcon;
				ASSETCATALOG_COMPILER_GLOBAL_ACCENT_COLOR_NAME = AccentColor;
				CODE_SIGN_STYLE = Automatic;
				DEVELOPMENT_ASSET_PATHS = "\"RedSolApp/Preview Content\"";
				DEVELOPMENT_TEAM = 3ZVXV95L56;
				ENABLE_PREVIEWS = YES;
				INFOPLIST_FILE = RedSolApp/Info.plist;
				IPHONEOS_DEPLOYMENT_TARGET = 14.0;
				LD_RUNPATH_SEARCH_PATHS = (
					"$(inherited)",
					"@executable_path/Frameworks",
				);
				PRODUCT_BUNDLE_IDENTIFIER = com.AshleyRaigosa.RedSolApp;
				PRODUCT_NAME = "$(TARGET_NAME)";
				SWIFT_VERSION = 5.0;
				TARGETED_DEVICE_FAMILY = "1,2";
			};
			name = Release;
		};
		16F6C084266D336100220E91 /* Debug */ = {
			isa = XCBuildConfiguration;
			baseConfigurationReference = 08F74C6B4931139582743F91 /* Pods-RedSolApp-Tests.debug.xcconfig */;
			buildSettings = {
				ALWAYS_EMBED_SWIFT_STANDARD_LIBRARIES = YES;
				BUNDLE_LOADER = "$(TEST_HOST)";
				CODE_SIGN_STYLE = Automatic;
				DEVELOPMENT_TEAM = 3ZVXV95L56;
				INFOPLIST_FILE = "RedSolApp-iOSTests/Info.plist";
				IPHONEOS_DEPLOYMENT_TARGET = 14.0;
				LD_RUNPATH_SEARCH_PATHS = (
					"$(inherited)",
					"@executable_path/Frameworks",
					"@loader_path/Frameworks",
				);
				PRODUCT_BUNDLE_IDENTIFIER = "com.AshleyRaigosa.RedSolApp-iOSTests";
				PRODUCT_NAME = "$(TARGET_NAME)";
				SWIFT_VERSION = 5.0;
				TARGETED_DEVICE_FAMILY = "1,2";
				TEST_HOST = "$(BUILT_PRODUCTS_DIR)/RedSolApp-iOS.app/RedSolApp-iOS";
			};
			name = Debug;
		};
		16F6C085266D336100220E91 /* Release */ = {
			isa = XCBuildConfiguration;
			baseConfigurationReference = D658B7DDC6173D94282B6980 /* Pods-RedSolApp-Tests.release.xcconfig */;
			buildSettings = {
				ALWAYS_EMBED_SWIFT_STANDARD_LIBRARIES = YES;
				BUNDLE_LOADER = "$(TEST_HOST)";
				CODE_SIGN_STYLE = Automatic;
				DEVELOPMENT_TEAM = 3ZVXV95L56;
				INFOPLIST_FILE = "RedSolApp-iOSTests/Info.plist";
				IPHONEOS_DEPLOYMENT_TARGET = 14.0;
				LD_RUNPATH_SEARCH_PATHS = (
					"$(inherited)",
					"@executable_path/Frameworks",
					"@loader_path/Frameworks",
				);
				PRODUCT_BUNDLE_IDENTIFIER = "com.AshleyRaigosa.RedSolApp-iOSTests";
				PRODUCT_NAME = "$(TARGET_NAME)";
				SWIFT_VERSION = 5.0;
				TARGETED_DEVICE_FAMILY = "1,2";
				TEST_HOST = "$(BUILT_PRODUCTS_DIR)/RedSolApp-iOS.app/RedSolApp-iOS";
			};
			name = Release;
		};
		16F6C087266D336100220E91 /* Debug */ = {
			isa = XCBuildConfiguration;
			baseConfigurationReference = 7F11BF7A6DD85126500C52FE /* Pods-RedSolApp-UITests.debug.xcconfig */;
			buildSettings = {
				ALWAYS_EMBED_SWIFT_STANDARD_LIBRARIES = YES;
				CODE_SIGN_STYLE = Automatic;
				DEVELOPMENT_TEAM = 3ZVXV95L56;
				INFOPLIST_FILE = "RedSolApp-iOSUITests/Info.plist";
				LD_RUNPATH_SEARCH_PATHS = (
					"$(inherited)",
					"@executable_path/Frameworks",
					"@loader_path/Frameworks",
				);
				PRODUCT_BUNDLE_IDENTIFIER = "com.AshleyRaigosa.RedSolApp-iOSUITests";
				PRODUCT_NAME = "$(TARGET_NAME)";
				SWIFT_VERSION = 5.0;
				TARGETED_DEVICE_FAMILY = "1,2";
				TEST_TARGET_NAME = "RedSolApp-iOS";
			};
			name = Debug;
		};
		16F6C088266D336100220E91 /* Release */ = {
			isa = XCBuildConfiguration;
			baseConfigurationReference = EE757395D2BC2D19C48CDE13 /* Pods-RedSolApp-UITests.release.xcconfig */;
			buildSettings = {
				ALWAYS_EMBED_SWIFT_STANDARD_LIBRARIES = YES;
				CODE_SIGN_STYLE = Automatic;
				DEVELOPMENT_TEAM = 3ZVXV95L56;
				INFOPLIST_FILE = "RedSolApp-iOSUITests/Info.plist";
				LD_RUNPATH_SEARCH_PATHS = (
					"$(inherited)",
					"@executable_path/Frameworks",
					"@loader_path/Frameworks",
				);
				PRODUCT_BUNDLE_IDENTIFIER = "com.AshleyRaigosa.RedSolApp-iOSUITests";
				PRODUCT_NAME = "$(TARGET_NAME)";
				SWIFT_VERSION = 5.0;
				TARGETED_DEVICE_FAMILY = "1,2";
				TEST_TARGET_NAME = "RedSolApp-iOS";
			};
			name = Release;
		};
/* End XCBuildConfiguration section */

/* Begin XCConfigurationList section */
		16F6C056266D336000220E91 /* Build configuration list for PBXProject "RedSolApp" */ = {
			isa = XCConfigurationList;
			buildConfigurations = (
				16F6C07E266D336100220E91 /* Debug */,
				16F6C07F266D336100220E91 /* Release */,
			);
			defaultConfigurationIsVisible = 0;
			defaultConfigurationName = Release;
		};
		16F6C080266D336100220E91 /* Build configuration list for PBXNativeTarget "RedSolApp" */ = {
			isa = XCConfigurationList;
			buildConfigurations = (
				16F6C081266D336100220E91 /* Debug */,
				16F6C082266D336100220E91 /* Release */,
			);
			defaultConfigurationIsVisible = 0;
			defaultConfigurationName = Release;
		};
		16F6C083266D336100220E91 /* Build configuration list for PBXNativeTarget "RedSolApp-Tests" */ = {
			isa = XCConfigurationList;
			buildConfigurations = (
				16F6C084266D336100220E91 /* Debug */,
				16F6C085266D336100220E91 /* Release */,
			);
			defaultConfigurationIsVisible = 0;
			defaultConfigurationName = Release;
		};
		16F6C086266D336100220E91 /* Build configuration list for PBXNativeTarget "RedSolApp-UITests" */ = {
			isa = XCConfigurationList;
			buildConfigurations = (
				16F6C087266D336100220E91 /* Debug */,
				16F6C088266D336100220E91 /* Release */,
			);
			defaultConfigurationIsVisible = 0;
			defaultConfigurationName = Release;
		};
/* End XCConfigurationList section */
	};
	rootObject = 16F6C053266D336000220E91 /* Project object */;
}
